// !$*UTF8*$!
{
	archiveVersion = 1;
	classes = {
	};
	objectVersion = 46;
	objects = {

/* Begin PBXBuildFile section */
		07024DBE1D54316000B12E8C /* CSMyViewController.m in Sources */ = {isa = PBXBuildFile; fileRef = 07024DBD1D54316000B12E8C /* CSMyViewController.m */; };
		07024DC11D546A6300B12E8C /* CSSettingViewController.m in Sources */ = {isa = PBXBuildFile; fileRef = 07024DC01D546A6300B12E8C /* CSSettingViewController.m */; };
		07024DC41D5473D300B12E8C /* CSInfoViewController.m in Sources */ = {isa = PBXBuildFile; fileRef = 07024DC31D5473D300B12E8C /* CSInfoViewController.m */; };
		07024DC71D54910E00B12E8C /* CSEditNameViewController.m in Sources */ = {isa = PBXBuildFile; fileRef = 07024DC61D54910E00B12E8C /* CSEditNameViewController.m */; };
		070EEB5D1D517F9D0022833E /* CSViewController.m in Sources */ = {isa = PBXBuildFile; fileRef = 070EEB5C1D517F9D0022833E /* CSViewController.m */; };
		071096631D51860400DE6919 /* MainViewController.m in Sources */ = {isa = PBXBuildFile; fileRef = 071096621D51860400DE6919 /* MainViewController.m */; };
		071096671D51873B00DE6919 /* CSUserModel.m in Sources */ = {isa = PBXBuildFile; fileRef = 071096661D51873B00DE6919 /* CSUserModel.m */; };
		0710966A1D51889C00DE6919 /* CSLoginViewController.m in Sources */ = {isa = PBXBuildFile; fileRef = 071096691D51889C00DE6919 /* CSLoginViewController.m */; };
		0750C6FB1D596617009B2748 /* CSTriangleViewController.m in Sources */ = {isa = PBXBuildFile; fileRef = 0750C6FA1D596617009B2748 /* CSTriangleViewController.m */; };
		0750C7021D596739009B2748 /* CSTriangleView.m in Sources */ = {isa = PBXBuildFile; fileRef = 0750C7011D596739009B2748 /* CSTriangleView.m */; };
		0750C7051D597ADC009B2748 /* CSDrawableView.m in Sources */ = {isa = PBXBuildFile; fileRef = 0750C7041D597ADC009B2748 /* CSDrawableView.m */; };
		0750C7081D59B2A2009B2748 /* CSLayerPathViewController.m in Sources */ = {isa = PBXBuildFile; fileRef = 0750C7071D59B2A2009B2748 /* CSLayerPathViewController.m */; };
		0750C70B1D59B350009B2748 /* CSCircleView.m in Sources */ = {isa = PBXBuildFile; fileRef = 0750C70A1D59B350009B2748 /* CSCircleView.m */; };
		0750C70E1D59BC0D009B2748 /* CSClockView.m in Sources */ = {isa = PBXBuildFile; fileRef = 0750C70D1D59BC0D009B2748 /* CSClockView.m */; };
		075F70B31D519E3C008880A7 /* NSDate+Formatter.m in Sources */ = {isa = PBXBuildFile; fileRef = 075F701D1D519E3B008880A7 /* NSDate+Formatter.m */; };
		075F70B41D519E3C008880A7 /* NSDate+Helper.m in Sources */ = {isa = PBXBuildFile; fileRef = 075F701F1D519E3B008880A7 /* NSDate+Helper.m */; };
		075F70B51D519E3C008880A7 /* NSDate+Reporting.m in Sources */ = {isa = PBXBuildFile; fileRef = 075F70211D519E3B008880A7 /* NSDate+Reporting.m */; };
		075F70B61D519E3C008880A7 /* NSDate+Utilities.m in Sources */ = {isa = PBXBuildFile; fileRef = 075F70231D519E3B008880A7 /* NSDate+Utilities.m */; };
		075F70B71D519E3C008880A7 /* NSDictionary+JSONString.m in Sources */ = {isa = PBXBuildFile; fileRef = 075F70261D519E3B008880A7 /* NSDictionary+JSONString.m */; };
		075F70B81D519E3C008880A7 /* NSDictionary+Merge.m in Sources */ = {isa = PBXBuildFile; fileRef = 075F70281D519E3B008880A7 /* NSDictionary+Merge.m */; };
		075F70B91D519E3C008880A7 /* NSDictionary+SafeAccess.m in Sources */ = {isa = PBXBuildFile; fileRef = 075F702A1D519E3B008880A7 /* NSDictionary+SafeAccess.m */; };
		075F70BA1D519E3C008880A7 /* NSDictionary+URL.m in Sources */ = {isa = PBXBuildFile; fileRef = 075F702C1D519E3B008880A7 /* NSDictionary+URL.m */; };
		075F70BB1D519E3C008880A7 /* NSObject+AppInfo.m in Sources */ = {isa = PBXBuildFile; fileRef = 075F702F1D519E3B008880A7 /* NSObject+AppInfo.m */; };
		075F70BC1D519E3C008880A7 /* NSObject+AutoCoding.m in Sources */ = {isa = PBXBuildFile; fileRef = 075F70311D519E3B008880A7 /* NSObject+AutoCoding.m */; };
		075F70BD1D519E3C008880A7 /* NSObject+GCD.m in Sources */ = {isa = PBXBuildFile; fileRef = 075F70331D519E3B008880A7 /* NSObject+GCD.m */; };
		075F70BE1D519E3C008880A7 /* NSObject+KVOBlocks.m in Sources */ = {isa = PBXBuildFile; fileRef = 075F70351D519E3B008880A7 /* NSObject+KVOBlocks.m */; };
		075F70BF1D519E3C008880A7 /* NSObject+Property.m in Sources */ = {isa = PBXBuildFile; fileRef = 075F70371D519E3B008880A7 /* NSObject+Property.m */; };
		075F70C01D519E3C008880A7 /* NSObject+Runtime.m in Sources */ = {isa = PBXBuildFile; fileRef = 075F70391D519E3B008880A7 /* NSObject+Runtime.m */; };
		075F70C11D519E3C008880A7 /* NSString+JsonValue.m in Sources */ = {isa = PBXBuildFile; fileRef = 075F703C1D519E3B008880A7 /* NSString+JsonValue.m */; };
		075F70C21D519E3C008880A7 /* NSString+MD5.m in Sources */ = {isa = PBXBuildFile; fileRef = 075F703E1D519E3B008880A7 /* NSString+MD5.m */; };
		075F70C31D519E3C008880A7 /* NSString+RegexCategory.m in Sources */ = {isa = PBXBuildFile; fileRef = 075F70401D519E3B008880A7 /* NSString+RegexCategory.m */; };
		075F70C41D519E3C008880A7 /* NSString+Size.m in Sources */ = {isa = PBXBuildFile; fileRef = 075F70421D519E3B008880A7 /* NSString+Size.m */; };
		075F70C51D519E3C008880A7 /* NSString+Trims.m in Sources */ = {isa = PBXBuildFile; fileRef = 075F70441D519E3C008880A7 /* NSString+Trims.m */; };
		075F70C61D519E3C008880A7 /* NSString+UrlEncode.m in Sources */ = {isa = PBXBuildFile; fileRef = 075F70461D519E3C008880A7 /* NSString+UrlEncode.m */; };
		075F70C71D519E3C008880A7 /* NSTimer+Addition.m in Sources */ = {isa = PBXBuildFile; fileRef = 075F70491D519E3C008880A7 /* NSTimer+Addition.m */; };
		075F70C81D519E3C008880A7 /* NSTimer+Blocks.m in Sources */ = {isa = PBXBuildFile; fileRef = 075F704B1D519E3C008880A7 /* NSTimer+Blocks.m */; };
		075F70C91D519E3C008880A7 /* UIAlertView+Block.m in Sources */ = {isa = PBXBuildFile; fileRef = 075F704E1D519E3C008880A7 /* UIAlertView+Block.m */; };
		075F70CA1D519E3C008880A7 /* UIApplication+ApplicationSize.m in Sources */ = {isa = PBXBuildFile; fileRef = 075F70511D519E3C008880A7 /* UIApplication+ApplicationSize.m */; };
		075F70CB1D519E3C008880A7 /* UIApplication+Permissions.m in Sources */ = {isa = PBXBuildFile; fileRef = 075F70531D519E3C008880A7 /* UIApplication+Permissions.m */; };
		075F70CC1D519E3C008880A7 /* UIButton+BackgroundColor.m in Sources */ = {isa = PBXBuildFile; fileRef = 075F70561D519E3C008880A7 /* UIButton+BackgroundColor.m */; };
		075F70CD1D519E3C008880A7 /* UIButton+Submitting.m in Sources */ = {isa = PBXBuildFile; fileRef = 075F70581D519E3C008880A7 /* UIButton+Submitting.m */; };
		075F70CE1D519E3C008880A7 /* UIButton+TouchAreaInsets.m in Sources */ = {isa = PBXBuildFile; fileRef = 075F705A1D519E3C008880A7 /* UIButton+TouchAreaInsets.m */; };
		075F70CF1D519E3C008880A7 /* UIControl+ActionBlocks.m in Sources */ = {isa = PBXBuildFile; fileRef = 075F705D1D519E3C008880A7 /* UIControl+ActionBlocks.m */; };
		075F70D01D519E3C008880A7 /* UIImage+Alpha.m in Sources */ = {isa = PBXBuildFile; fileRef = 075F70601D519E3C008880A7 /* UIImage+Alpha.m */; };
		075F70D11D519E3C008880A7 /* UIImage+Blur.m in Sources */ = {isa = PBXBuildFile; fileRef = 075F70621D519E3C008880A7 /* UIImage+Blur.m */; };
		075F70D21D519E3C008880A7 /* UIImage+CalculatedSize.m in Sources */ = {isa = PBXBuildFile; fileRef = 075F70641D519E3C008880A7 /* UIImage+CalculatedSize.m */; };
		075F70D31D519E3C008880A7 /* UIImage+Capture.m in Sources */ = {isa = PBXBuildFile; fileRef = 075F70661D519E3C008880A7 /* UIImage+Capture.m */; };
		075F70D41D519E3C008880A7 /* UIImage+Color.m in Sources */ = {isa = PBXBuildFile; fileRef = 075F70681D519E3C008880A7 /* UIImage+Color.m */; };
		075F70D51D519E3C008880A7 /* UIImage+FileName.m in Sources */ = {isa = PBXBuildFile; fileRef = 075F706A1D519E3C008880A7 /* UIImage+FileName.m */; };
		075F70D61D519E3C008880A7 /* UIImage+FX.m in Sources */ = {isa = PBXBuildFile; fileRef = 075F706C1D519E3C008880A7 /* UIImage+FX.m */; };
		075F70D71D519E3C008880A7 /* UIImage+Resize.m in Sources */ = {isa = PBXBuildFile; fileRef = 075F706E1D519E3C008880A7 /* UIImage+Resize.m */; };
		075F70D81D519E3C008880A7 /* UIImage+RoundedCorner.m in Sources */ = {isa = PBXBuildFile; fileRef = 075F70701D519E3C008880A7 /* UIImage+RoundedCorner.m */; };
		075F70D91D519E3C008880A7 /* UIImage+Tint.m in Sources */ = {isa = PBXBuildFile; fileRef = 075F70721D519E3C008880A7 /* UIImage+Tint.m */; };
		075F70DA1D519E3C008880A7 /* UIImageView+Addition.m in Sources */ = {isa = PBXBuildFile; fileRef = 075F70751D519E3C008880A7 /* UIImageView+Addition.m */; };
		075F70DB1D519E3C008880A7 /* UIImageView+BetterFace.m in Sources */ = {isa = PBXBuildFile; fileRef = 075F70771D519E3C008880A7 /* UIImageView+BetterFace.m */; };
		075F70DC1D519E3C008880A7 /* UIImageView+FaceAwareFill.m in Sources */ = {isa = PBXBuildFile; fileRef = 075F70791D519E3C008880A7 /* UIImageView+FaceAwareFill.m */; };
		075F70DD1D519E3C008880A7 /* UIImageView+Letters.m in Sources */ = {isa = PBXBuildFile; fileRef = 075F707B1D519E3C008880A7 /* UIImageView+Letters.m */; };
		075F70DE1D519E3C008880A7 /* UIImageView+Reflect.m in Sources */ = {isa = PBXBuildFile; fileRef = 075F707D1D519E3C008880A7 /* UIImageView+Reflect.m */; };
		075F70DF1D519E3C008880A7 /* UINavigationController+BATransitions.m in Sources */ = {isa = PBXBuildFile; fileRef = 075F70801D519E3C008880A7 /* UINavigationController+BATransitions.m */; };
		075F70E01D519E3C008880A7 /* UINavigationController+FDFullscreenPopGesture.m in Sources */ = {isa = PBXBuildFile; fileRef = 075F70821D519E3C008880A7 /* UINavigationController+FDFullscreenPopGesture.m */; };
		075F70E11D519E3C008880A7 /* UINavigationController+JZExtension.m in Sources */ = {isa = PBXBuildFile; fileRef = 075F70841D519E3C008880A7 /* UINavigationController+JZExtension.m */; };
		075F70E21D519E3C008880A7 /* UINavigationItem+Loading.m in Sources */ = {isa = PBXBuildFile; fileRef = 075F70871D519E3C008880A7 /* UINavigationItem+Loading.m */; };
		075F70E31D519E3C008880A7 /* UINavigationItem+Lock.m in Sources */ = {isa = PBXBuildFile; fileRef = 075F70891D519E3C008880A7 /* UINavigationItem+Lock.m */; };
		075F70E41D519E3C008880A7 /* UINavigationItem+Margin.m in Sources */ = {isa = PBXBuildFile; fileRef = 075F708B1D519E3C008880A7 /* UINavigationItem+Margin.m */; };
		075F70E61D519E3C008880A7 /* UITableViewCell+Config.m in Sources */ = {isa = PBXBuildFile; fileRef = 075F70911D519E3C008880A7 /* UITableViewCell+Config.m */; };
		075F70E71D519E3C008880A7 /* UIView+Animation.m in Sources */ = {isa = PBXBuildFile; fileRef = 075F70941D519E3C008880A7 /* UIView+Animation.m */; };
		075F70E91D519E3C008880A7 /* UIView+Borders.m in Sources */ = {isa = PBXBuildFile; fileRef = 075F70981D519E3C008880A7 /* UIView+Borders.m */; };
		075F70EA1D519E3C008880A7 /* UIView+draggable.m in Sources */ = {isa = PBXBuildFile; fileRef = 075F709A1D519E3C008880A7 /* UIView+draggable.m */; };
		075F70EB1D519E3C008880A7 /* UIView+GestureCallback.m in Sources */ = {isa = PBXBuildFile; fileRef = 075F709C1D519E3C008880A7 /* UIView+GestureCallback.m */; };
		075F70EC1D519E3C008880A7 /* UIView+Screenshot.m in Sources */ = {isa = PBXBuildFile; fileRef = 075F709E1D519E3C008880A7 /* UIView+Screenshot.m */; };
		075F70ED1D519E3C008880A7 /* UIView+Shadow.m in Sources */ = {isa = PBXBuildFile; fileRef = 075F70A01D519E3C008880A7 /* UIView+Shadow.m */; };
		075F70EE1D519E3C008880A7 /* UIView+Shake.m in Sources */ = {isa = PBXBuildFile; fileRef = 075F70A21D519E3C008880A7 /* UIView+Shake.m */; };
		075F70EF1D519E3C008880A7 /* UIView+ViewController.m in Sources */ = {isa = PBXBuildFile; fileRef = 075F70A41D519E3C008880A7 /* UIView+ViewController.m */; };
		075F70F01D519E3C008880A7 /* UIView+Visuals.m in Sources */ = {isa = PBXBuildFile; fileRef = 075F70A61D519E3C008880A7 /* UIView+Visuals.m */; };
		075F70F11D519E3C008880A7 /* UIViewController+BackButtonHandler.m in Sources */ = {isa = PBXBuildFile; fileRef = 075F70A91D519E3C008880A7 /* UIViewController+BackButtonHandler.m */; };
		075F70F21D519E3C008880A7 /* UIViewController+BackButtonItemTitle.m in Sources */ = {isa = PBXBuildFile; fileRef = 075F70AB1D519E3C008880A7 /* UIViewController+BackButtonItemTitle.m */; };
		075F70F31D519E3C008880A7 /* UIViewController+MJPopupViewController.m in Sources */ = {isa = PBXBuildFile; fileRef = 075F70AD1D519E3C008880A7 /* UIViewController+MJPopupViewController.m */; };
		075F70F41D519E3C008880A7 /* NSMutableString+TagReplace.m in Sources */ = {isa = PBXBuildFile; fileRef = 075F70B01D519E3C008880A7 /* NSMutableString+TagReplace.m */; };
		075F70F51D519E3C008880A7 /* NSString+WPAttributedMarkup.m in Sources */ = {isa = PBXBuildFile; fileRef = 075F70B21D519E3C008880A7 /* NSString+WPAttributedMarkup.m */; };
		075F70F81D51C15C008880A7 /* CSForgetViewController.m in Sources */ = {isa = PBXBuildFile; fileRef = 075F70F71D51C15C008880A7 /* CSForgetViewController.m */; };
		075F70FB1D51C3C5008880A7 /* CSRegisterViewController.m in Sources */ = {isa = PBXBuildFile; fileRef = 075F70FA1D51C3C5008880A7 /* CSRegisterViewController.m */; };
		075F71011D51EA3F008880A7 /* QFCodeShareInit.m in Sources */ = {isa = PBXBuildFile; fileRef = 075F70FF1D51EA3F008880A7 /* QFCodeShareInit.m */; };
		07A753EB1D5C0DF600BAFC05 /* CSQRCodeViewController.mm in Sources */ = {isa = PBXBuildFile; fileRef = 07A753EA1D5C0DF600BAFC05 /* CSQRCodeViewController.mm */; };
		07A753EE1D5C553400BAFC05 /* CSScanViewController.m in Sources */ = {isa = PBXBuildFile; fileRef = 07A753ED1D5C553400BAFC05 /* CSScanViewController.m */; };
		07AC39651D5826CE001E6589 /* CSAboutViewController.m in Sources */ = {isa = PBXBuildFile; fileRef = 07AC39641D5826CE001E6589 /* CSAboutViewController.m */; };
		07AC39691D586D46001E6589 /* CSSuggestionViewController.m in Sources */ = {isa = PBXBuildFile; fileRef = 07AC39671D586D46001E6589 /* CSSuggestionViewController.m */; };
		07AC396A1D586D46001E6589 /* CSSuggestionViewController.xib in Resources */ = {isa = PBXBuildFile; fileRef = 07AC39681D586D46001E6589 /* CSSuggestionViewController.xib */; };
		07AC396D1D5881A0001E6589 /* CSImageViewController.m in Sources */ = {isa = PBXBuildFile; fileRef = 07AC396C1D5881A0001E6589 /* CSImageViewController.m */; };
		07D3FD721D50831F001EF799 /* main.m in Sources */ = {isa = PBXBuildFile; fileRef = 07D3FD711D50831F001EF799 /* main.m */; };
		07D3FD751D50831F001EF799 /* AppDelegate.m in Sources */ = {isa = PBXBuildFile; fileRef = 07D3FD741D50831F001EF799 /* AppDelegate.m */; };
		07D3FD781D50831F001EF799 /* ViewController.m in Sources */ = {isa = PBXBuildFile; fileRef = 07D3FD771D50831F001EF799 /* ViewController.m */; };
		07D3FD7B1D50831F001EF799 /* Main.storyboard in Resources */ = {isa = PBXBuildFile; fileRef = 07D3FD791D50831F001EF799 /* Main.storyboard */; };
		07D3FD7D1D50831F001EF799 /* Assets.xcassets in Resources */ = {isa = PBXBuildFile; fileRef = 07D3FD7C1D50831F001EF799 /* Assets.xcassets */; };
		07D3FD801D50831F001EF799 /* LaunchScreen.storyboard in Resources */ = {isa = PBXBuildFile; fileRef = 07D3FD7E1D50831F001EF799 /* LaunchScreen.storyboard */; };
		07EC45F11D50953500DD4BC2 /* NetworkTool.m in Sources */ = {isa = PBXBuildFile; fileRef = 07EC45F01D50953500DD4BC2 /* NetworkTool.m */; };
		92FC434F9694A4EE052B416C /* libPods-CodeShare.a in Frameworks */ = {isa = PBXBuildFile; fileRef = 5EAE381DFE24DDC94853C313 /* libPods-CodeShare.a */; };
/* End PBXBuildFile section */

/* Begin PBXFileReference section */
		07024DBC1D54316000B12E8C /* CSMyViewController.h */ = {isa = PBXFileReference; fileEncoding = 4; lastKnownFileType = sourcecode.c.h; path = CSMyViewController.h; sourceTree = "<group>"; };
		07024DBD1D54316000B12E8C /* CSMyViewController.m */ = {isa = PBXFileReference; fileEncoding = 4; lastKnownFileType = sourcecode.c.objc; path = CSMyViewController.m; sourceTree = "<group>"; };
		07024DBF1D546A6300B12E8C /* CSSettingViewController.h */ = {isa = PBXFileReference; fileEncoding = 4; lastKnownFileType = sourcecode.c.h; path = CSSettingViewController.h; sourceTree = "<group>"; };
		07024DC01D546A6300B12E8C /* CSSettingViewController.m */ = {isa = PBXFileReference; fileEncoding = 4; lastKnownFileType = sourcecode.c.objc; path = CSSettingViewController.m; sourceTree = "<group>"; };
		07024DC21D5473D300B12E8C /* CSInfoViewController.h */ = {isa = PBXFileReference; fileEncoding = 4; lastKnownFileType = sourcecode.c.h; path = CSInfoViewController.h; sourceTree = "<group>"; };
		07024DC31D5473D300B12E8C /* CSInfoViewController.m */ = {isa = PBXFileReference; fileEncoding = 4; lastKnownFileType = sourcecode.c.objc; path = CSInfoViewController.m; sourceTree = "<group>"; };
		07024DC51D54910E00B12E8C /* CSEditNameViewController.h */ = {isa = PBXFileReference; fileEncoding = 4; lastKnownFileType = sourcecode.c.h; path = CSEditNameViewController.h; sourceTree = "<group>"; };
		07024DC61D54910E00B12E8C /* CSEditNameViewController.m */ = {isa = PBXFileReference; fileEncoding = 4; lastKnownFileType = sourcecode.c.objc; path = CSEditNameViewController.m; sourceTree = "<group>"; };
		070EEB5B1D517F9D0022833E /* CSViewController.h */ = {isa = PBXFileReference; fileEncoding = 4; lastKnownFileType = sourcecode.c.h; path = CSViewController.h; sourceTree = "<group>"; };
		070EEB5C1D517F9D0022833E /* CSViewController.m */ = {isa = PBXFileReference; fileEncoding = 4; lastKnownFileType = sourcecode.c.objc; path = CSViewController.m; sourceTree = "<group>"; };
		071096611D51860400DE6919 /* MainViewController.h */ = {isa = PBXFileReference; fileEncoding = 4; lastKnownFileType = sourcecode.c.h; path = MainViewController.h; sourceTree = "<group>"; };
		071096621D51860400DE6919 /* MainViewController.m */ = {isa = PBXFileReference; fileEncoding = 4; lastKnownFileType = sourcecode.c.objc; path = MainViewController.m; sourceTree = "<group>"; };
		071096651D51873B00DE6919 /* CSUserModel.h */ = {isa = PBXFileReference; fileEncoding = 4; lastKnownFileType = sourcecode.c.h; path = CSUserModel.h; sourceTree = "<group>"; };
		071096661D51873B00DE6919 /* CSUserModel.m */ = {isa = PBXFileReference; fileEncoding = 4; lastKnownFileType = sourcecode.c.objc; path = CSUserModel.m; sourceTree = "<group>"; };
		071096681D51889C00DE6919 /* CSLoginViewController.h */ = {isa = PBXFileReference; fileEncoding = 4; lastKnownFileType = sourcecode.c.h; path = CSLoginViewController.h; sourceTree = "<group>"; };
		071096691D51889C00DE6919 /* CSLoginViewController.m */ = {isa = PBXFileReference; fileEncoding = 4; lastKnownFileType = sourcecode.c.objc; path = CSLoginViewController.m; sourceTree = "<group>"; };
		0750C6F91D596617009B2748 /* CSTriangleViewController.h */ = {isa = PBXFileReference; fileEncoding = 4; lastKnownFileType = sourcecode.c.h; path = CSTriangleViewController.h; sourceTree = "<group>"; };
		0750C6FA1D596617009B2748 /* CSTriangleViewController.m */ = {isa = PBXFileReference; fileEncoding = 4; lastKnownFileType = sourcecode.c.objc; path = CSTriangleViewController.m; sourceTree = "<group>"; };
		0750C7001D596739009B2748 /* CSTriangleView.h */ = {isa = PBXFileReference; fileEncoding = 4; lastKnownFileType = sourcecode.c.h; path = CSTriangleView.h; sourceTree = "<group>"; };
		0750C7011D596739009B2748 /* CSTriangleView.m */ = {isa = PBXFileReference; fileEncoding = 4; lastKnownFileType = sourcecode.c.objc; path = CSTriangleView.m; sourceTree = "<group>"; };
		0750C7031D597ADC009B2748 /* CSDrawableView.h */ = {isa = PBXFileReference; fileEncoding = 4; lastKnownFileType = sourcecode.c.h; path = CSDrawableView.h; sourceTree = "<group>"; };
		0750C7041D597ADC009B2748 /* CSDrawableView.m */ = {isa = PBXFileReference; fileEncoding = 4; lastKnownFileType = sourcecode.c.objc; path = CSDrawableView.m; sourceTree = "<group>"; };
		0750C7061D59B2A2009B2748 /* CSLayerPathViewController.h */ = {isa = PBXFileReference; fileEncoding = 4; lastKnownFileType = sourcecode.c.h; path = CSLayerPathViewController.h; sourceTree = "<group>"; };
		0750C7071D59B2A2009B2748 /* CSLayerPathViewController.m */ = {isa = PBXFileReference; fileEncoding = 4; lastKnownFileType = sourcecode.c.objc; path = CSLayerPathViewController.m; sourceTree = "<group>"; };
		0750C7091D59B350009B2748 /* CSCircleView.h */ = {isa = PBXFileReference; fileEncoding = 4; lastKnownFileType = sourcecode.c.h; path = CSCircleView.h; sourceTree = "<group>"; };
		0750C70A1D59B350009B2748 /* CSCircleView.m */ = {isa = PBXFileReference; fileEncoding = 4; lastKnownFileType = sourcecode.c.objc; path = CSCircleView.m; sourceTree = "<group>"; };
		0750C70C1D59BC0D009B2748 /* CSClockView.h */ = {isa = PBXFileReference; fileEncoding = 4; lastKnownFileType = sourcecode.c.h; path = CSClockView.h; sourceTree = "<group>"; };
		0750C70D1D59BC0D009B2748 /* CSClockView.m */ = {isa = PBXFileReference; fileEncoding = 4; lastKnownFileType = sourcecode.c.objc; path = CSClockView.m; sourceTree = "<group>"; };
		075F701C1D519E3B008880A7 /* NSDate+Formatter.h */ = {isa = PBXFileReference; fileEncoding = 4; lastKnownFileType = sourcecode.c.h; path = "NSDate+Formatter.h"; sourceTree = "<group>"; };
		075F701D1D519E3B008880A7 /* NSDate+Formatter.m */ = {isa = PBXFileReference; fileEncoding = 4; lastKnownFileType = sourcecode.c.objc; path = "NSDate+Formatter.m"; sourceTree = "<group>"; };
		075F701E1D519E3B008880A7 /* NSDate+Helper.h */ = {isa = PBXFileReference; fileEncoding = 4; lastKnownFileType = sourcecode.c.h; path = "NSDate+Helper.h"; sourceTree = "<group>"; };
		075F701F1D519E3B008880A7 /* NSDate+Helper.m */ = {isa = PBXFileReference; fileEncoding = 4; lastKnownFileType = sourcecode.c.objc; path = "NSDate+Helper.m"; sourceTree = "<group>"; };
		075F70201D519E3B008880A7 /* NSDate+Reporting.h */ = {isa = PBXFileReference; fileEncoding = 4; lastKnownFileType = sourcecode.c.h; path = "NSDate+Reporting.h"; sourceTree = "<group>"; };
		075F70211D519E3B008880A7 /* NSDate+Reporting.m */ = {isa = PBXFileReference; fileEncoding = 4; lastKnownFileType = sourcecode.c.objc; path = "NSDate+Reporting.m"; sourceTree = "<group>"; };
		075F70221D519E3B008880A7 /* NSDate+Utilities.h */ = {isa = PBXFileReference; fileEncoding = 4; lastKnownFileType = sourcecode.c.h; path = "NSDate+Utilities.h"; sourceTree = "<group>"; };
		075F70231D519E3B008880A7 /* NSDate+Utilities.m */ = {isa = PBXFileReference; fileEncoding = 4; lastKnownFileType = sourcecode.c.objc; path = "NSDate+Utilities.m"; sourceTree = "<group>"; };
		075F70251D519E3B008880A7 /* NSDictionary+JSONString.h */ = {isa = PBXFileReference; fileEncoding = 4; lastKnownFileType = sourcecode.c.h; path = "NSDictionary+JSONString.h"; sourceTree = "<group>"; };
		075F70261D519E3B008880A7 /* NSDictionary+JSONString.m */ = {isa = PBXFileReference; fileEncoding = 4; lastKnownFileType = sourcecode.c.objc; path = "NSDictionary+JSONString.m"; sourceTree = "<group>"; };
		075F70271D519E3B008880A7 /* NSDictionary+Merge.h */ = {isa = PBXFileReference; fileEncoding = 4; lastKnownFileType = sourcecode.c.h; path = "NSDictionary+Merge.h"; sourceTree = "<group>"; };
		075F70281D519E3B008880A7 /* NSDictionary+Merge.m */ = {isa = PBXFileReference; fileEncoding = 4; lastKnownFileType = sourcecode.c.objc; path = "NSDictionary+Merge.m"; sourceTree = "<group>"; };
		075F70291D519E3B008880A7 /* NSDictionary+SafeAccess.h */ = {isa = PBXFileReference; fileEncoding = 4; lastKnownFileType = sourcecode.c.h; path = "NSDictionary+SafeAccess.h"; sourceTree = "<group>"; };
		075F702A1D519E3B008880A7 /* NSDictionary+SafeAccess.m */ = {isa = PBXFileReference; fileEncoding = 4; lastKnownFileType = sourcecode.c.objc; path = "NSDictionary+SafeAccess.m"; sourceTree = "<group>"; };
		075F702B1D519E3B008880A7 /* NSDictionary+URL.h */ = {isa = PBXFileReference; fileEncoding = 4; lastKnownFileType = sourcecode.c.h; path = "NSDictionary+URL.h"; sourceTree = "<group>"; };
		075F702C1D519E3B008880A7 /* NSDictionary+URL.m */ = {isa = PBXFileReference; fileEncoding = 4; lastKnownFileType = sourcecode.c.objc; path = "NSDictionary+URL.m"; sourceTree = "<group>"; };
		075F702E1D519E3B008880A7 /* NSObject+AppInfo.h */ = {isa = PBXFileReference; fileEncoding = 4; lastKnownFileType = sourcecode.c.h; path = "NSObject+AppInfo.h"; sourceTree = "<group>"; };
		075F702F1D519E3B008880A7 /* NSObject+AppInfo.m */ = {isa = PBXFileReference; fileEncoding = 4; lastKnownFileType = sourcecode.c.objc; path = "NSObject+AppInfo.m"; sourceTree = "<group>"; };
		075F70301D519E3B008880A7 /* NSObject+AutoCoding.h */ = {isa = PBXFileReference; fileEncoding = 4; lastKnownFileType = sourcecode.c.h; path = "NSObject+AutoCoding.h"; sourceTree = "<group>"; };
		075F70311D519E3B008880A7 /* NSObject+AutoCoding.m */ = {isa = PBXFileReference; fileEncoding = 4; lastKnownFileType = sourcecode.c.objc; path = "NSObject+AutoCoding.m"; sourceTree = "<group>"; };
		075F70321D519E3B008880A7 /* NSObject+GCD.h */ = {isa = PBXFileReference; fileEncoding = 4; lastKnownFileType = sourcecode.c.h; path = "NSObject+GCD.h"; sourceTree = "<group>"; };
		075F70331D519E3B008880A7 /* NSObject+GCD.m */ = {isa = PBXFileReference; fileEncoding = 4; lastKnownFileType = sourcecode.c.objc; path = "NSObject+GCD.m"; sourceTree = "<group>"; };
		075F70341D519E3B008880A7 /* NSObject+KVOBlocks.h */ = {isa = PBXFileReference; fileEncoding = 4; lastKnownFileType = sourcecode.c.h; path = "NSObject+KVOBlocks.h"; sourceTree = "<group>"; };
		075F70351D519E3B008880A7 /* NSObject+KVOBlocks.m */ = {isa = PBXFileReference; fileEncoding = 4; lastKnownFileType = sourcecode.c.objc; path = "NSObject+KVOBlocks.m"; sourceTree = "<group>"; };
		075F70361D519E3B008880A7 /* NSObject+Property.h */ = {isa = PBXFileReference; fileEncoding = 4; lastKnownFileType = sourcecode.c.h; path = "NSObject+Property.h"; sourceTree = "<group>"; };
		075F70371D519E3B008880A7 /* NSObject+Property.m */ = {isa = PBXFileReference; fileEncoding = 4; lastKnownFileType = sourcecode.c.objc; path = "NSObject+Property.m"; sourceTree = "<group>"; };
		075F70381D519E3B008880A7 /* NSObject+Runtime.h */ = {isa = PBXFileReference; fileEncoding = 4; lastKnownFileType = sourcecode.c.h; path = "NSObject+Runtime.h"; sourceTree = "<group>"; };
		075F70391D519E3B008880A7 /* NSObject+Runtime.m */ = {isa = PBXFileReference; fileEncoding = 4; lastKnownFileType = sourcecode.c.objc; path = "NSObject+Runtime.m"; sourceTree = "<group>"; };
		075F703B1D519E3B008880A7 /* NSString+JsonValue.h */ = {isa = PBXFileReference; fileEncoding = 4; lastKnownFileType = sourcecode.c.h; path = "NSString+JsonValue.h"; sourceTree = "<group>"; };
		075F703C1D519E3B008880A7 /* NSString+JsonValue.m */ = {isa = PBXFileReference; fileEncoding = 4; lastKnownFileType = sourcecode.c.objc; path = "NSString+JsonValue.m"; sourceTree = "<group>"; };
		075F703D1D519E3B008880A7 /* NSString+MD5.h */ = {isa = PBXFileReference; fileEncoding = 4; lastKnownFileType = sourcecode.c.h; path = "NSString+MD5.h"; sourceTree = "<group>"; };
		075F703E1D519E3B008880A7 /* NSString+MD5.m */ = {isa = PBXFileReference; fileEncoding = 4; lastKnownFileType = sourcecode.c.objc; path = "NSString+MD5.m"; sourceTree = "<group>"; };
		075F703F1D519E3B008880A7 /* NSString+RegexCategory.h */ = {isa = PBXFileReference; fileEncoding = 4; lastKnownFileType = sourcecode.c.h; path = "NSString+RegexCategory.h"; sourceTree = "<group>"; };
		075F70401D519E3B008880A7 /* NSString+RegexCategory.m */ = {isa = PBXFileReference; fileEncoding = 4; lastKnownFileType = sourcecode.c.objc; path = "NSString+RegexCategory.m"; sourceTree = "<group>"; };
		075F70411D519E3B008880A7 /* NSString+Size.h */ = {isa = PBXFileReference; fileEncoding = 4; lastKnownFileType = sourcecode.c.h; path = "NSString+Size.h"; sourceTree = "<group>"; };
		075F70421D519E3B008880A7 /* NSString+Size.m */ = {isa = PBXFileReference; fileEncoding = 4; lastKnownFileType = sourcecode.c.objc; path = "NSString+Size.m"; sourceTree = "<group>"; };
		075F70431D519E3C008880A7 /* NSString+Trims.h */ = {isa = PBXFileReference; fileEncoding = 4; lastKnownFileType = sourcecode.c.h; path = "NSString+Trims.h"; sourceTree = "<group>"; };
		075F70441D519E3C008880A7 /* NSString+Trims.m */ = {isa = PBXFileReference; fileEncoding = 4; lastKnownFileType = sourcecode.c.objc; path = "NSString+Trims.m"; sourceTree = "<group>"; };
		075F70451D519E3C008880A7 /* NSString+UrlEncode.h */ = {isa = PBXFileReference; fileEncoding = 4; lastKnownFileType = sourcecode.c.h; path = "NSString+UrlEncode.h"; sourceTree = "<group>"; };
		075F70461D519E3C008880A7 /* NSString+UrlEncode.m */ = {isa = PBXFileReference; fileEncoding = 4; lastKnownFileType = sourcecode.c.objc; path = "NSString+UrlEncode.m"; sourceTree = "<group>"; };
		075F70481D519E3C008880A7 /* NSTimer+Addition.h */ = {isa = PBXFileReference; fileEncoding = 4; lastKnownFileType = sourcecode.c.h; path = "NSTimer+Addition.h"; sourceTree = "<group>"; };
		075F70491D519E3C008880A7 /* NSTimer+Addition.m */ = {isa = PBXFileReference; fileEncoding = 4; lastKnownFileType = sourcecode.c.objc; path = "NSTimer+Addition.m"; sourceTree = "<group>"; };
		075F704A1D519E3C008880A7 /* NSTimer+Blocks.h */ = {isa = PBXFileReference; fileEncoding = 4; lastKnownFileType = sourcecode.c.h; path = "NSTimer+Blocks.h"; sourceTree = "<group>"; };
		075F704B1D519E3C008880A7 /* NSTimer+Blocks.m */ = {isa = PBXFileReference; fileEncoding = 4; lastKnownFileType = sourcecode.c.objc; path = "NSTimer+Blocks.m"; sourceTree = "<group>"; };
		075F704D1D519E3C008880A7 /* UIAlertView+Block.h */ = {isa = PBXFileReference; fileEncoding = 4; lastKnownFileType = sourcecode.c.h; path = "UIAlertView+Block.h"; sourceTree = "<group>"; };
		075F704E1D519E3C008880A7 /* UIAlertView+Block.m */ = {isa = PBXFileReference; fileEncoding = 4; lastKnownFileType = sourcecode.c.objc; path = "UIAlertView+Block.m"; sourceTree = "<group>"; };
		075F70501D519E3C008880A7 /* UIApplication+ApplicationSize.h */ = {isa = PBXFileReference; fileEncoding = 4; lastKnownFileType = sourcecode.c.h; path = "UIApplication+ApplicationSize.h"; sourceTree = "<group>"; };
		075F70511D519E3C008880A7 /* UIApplication+ApplicationSize.m */ = {isa = PBXFileReference; fileEncoding = 4; lastKnownFileType = sourcecode.c.objc; path = "UIApplication+ApplicationSize.m"; sourceTree = "<group>"; };
		075F70521D519E3C008880A7 /* UIApplication+Permissions.h */ = {isa = PBXFileReference; fileEncoding = 4; lastKnownFileType = sourcecode.c.h; path = "UIApplication+Permissions.h"; sourceTree = "<group>"; };
		075F70531D519E3C008880A7 /* UIApplication+Permissions.m */ = {isa = PBXFileReference; fileEncoding = 4; lastKnownFileType = sourcecode.c.objc; path = "UIApplication+Permissions.m"; sourceTree = "<group>"; };
		075F70551D519E3C008880A7 /* UIButton+BackgroundColor.h */ = {isa = PBXFileReference; fileEncoding = 4; lastKnownFileType = sourcecode.c.h; path = "UIButton+BackgroundColor.h"; sourceTree = "<group>"; };
		075F70561D519E3C008880A7 /* UIButton+BackgroundColor.m */ = {isa = PBXFileReference; fileEncoding = 4; lastKnownFileType = sourcecode.c.objc; path = "UIButton+BackgroundColor.m"; sourceTree = "<group>"; };
		075F70571D519E3C008880A7 /* UIButton+Submitting.h */ = {isa = PBXFileReference; fileEncoding = 4; lastKnownFileType = sourcecode.c.h; path = "UIButton+Submitting.h"; sourceTree = "<group>"; };
		075F70581D519E3C008880A7 /* UIButton+Submitting.m */ = {isa = PBXFileReference; fileEncoding = 4; lastKnownFileType = sourcecode.c.objc; path = "UIButton+Submitting.m"; sourceTree = "<group>"; };
		075F70591D519E3C008880A7 /* UIButton+TouchAreaInsets.h */ = {isa = PBXFileReference; fileEncoding = 4; lastKnownFileType = sourcecode.c.h; path = "UIButton+TouchAreaInsets.h"; sourceTree = "<group>"; };
		075F705A1D519E3C008880A7 /* UIButton+TouchAreaInsets.m */ = {isa = PBXFileReference; fileEncoding = 4; lastKnownFileType = sourcecode.c.objc; path = "UIButton+TouchAreaInsets.m"; sourceTree = "<group>"; };
		075F705C1D519E3C008880A7 /* UIControl+ActionBlocks.h */ = {isa = PBXFileReference; fileEncoding = 4; lastKnownFileType = sourcecode.c.h; path = "UIControl+ActionBlocks.h"; sourceTree = "<group>"; };
		075F705D1D519E3C008880A7 /* UIControl+ActionBlocks.m */ = {isa = PBXFileReference; fileEncoding = 4; lastKnownFileType = sourcecode.c.objc; path = "UIControl+ActionBlocks.m"; sourceTree = "<group>"; };
		075F705F1D519E3C008880A7 /* UIImage+Alpha.h */ = {isa = PBXFileReference; fileEncoding = 4; lastKnownFileType = sourcecode.c.h; path = "UIImage+Alpha.h"; sourceTree = "<group>"; };
		075F70601D519E3C008880A7 /* UIImage+Alpha.m */ = {isa = PBXFileReference; fileEncoding = 4; lastKnownFileType = sourcecode.c.objc; path = "UIImage+Alpha.m"; sourceTree = "<group>"; };
		075F70611D519E3C008880A7 /* UIImage+Blur.h */ = {isa = PBXFileReference; fileEncoding = 4; lastKnownFileType = sourcecode.c.h; path = "UIImage+Blur.h"; sourceTree = "<group>"; };
		075F70621D519E3C008880A7 /* UIImage+Blur.m */ = {isa = PBXFileReference; fileEncoding = 4; lastKnownFileType = sourcecode.c.objc; path = "UIImage+Blur.m"; sourceTree = "<group>"; };
		075F70631D519E3C008880A7 /* UIImage+CalculatedSize.h */ = {isa = PBXFileReference; fileEncoding = 4; lastKnownFileType = sourcecode.c.h; path = "UIImage+CalculatedSize.h"; sourceTree = "<group>"; };
		075F70641D519E3C008880A7 /* UIImage+CalculatedSize.m */ = {isa = PBXFileReference; fileEncoding = 4; lastKnownFileType = sourcecode.c.objc; path = "UIImage+CalculatedSize.m"; sourceTree = "<group>"; };
		075F70651D519E3C008880A7 /* UIImage+Capture.h */ = {isa = PBXFileReference; fileEncoding = 4; lastKnownFileType = sourcecode.c.h; path = "UIImage+Capture.h"; sourceTree = "<group>"; };
		075F70661D519E3C008880A7 /* UIImage+Capture.m */ = {isa = PBXFileReference; fileEncoding = 4; lastKnownFileType = sourcecode.c.objc; path = "UIImage+Capture.m"; sourceTree = "<group>"; };
		075F70671D519E3C008880A7 /* UIImage+Color.h */ = {isa = PBXFileReference; fileEncoding = 4; lastKnownFileType = sourcecode.c.h; path = "UIImage+Color.h"; sourceTree = "<group>"; };
		075F70681D519E3C008880A7 /* UIImage+Color.m */ = {isa = PBXFileReference; fileEncoding = 4; lastKnownFileType = sourcecode.c.objc; path = "UIImage+Color.m"; sourceTree = "<group>"; };
		075F70691D519E3C008880A7 /* UIImage+FileName.h */ = {isa = PBXFileReference; fileEncoding = 4; lastKnownFileType = sourcecode.c.h; path = "UIImage+FileName.h"; sourceTree = "<group>"; };
		075F706A1D519E3C008880A7 /* UIImage+FileName.m */ = {isa = PBXFileReference; fileEncoding = 4; lastKnownFileType = sourcecode.c.objc; path = "UIImage+FileName.m"; sourceTree = "<group>"; };
		075F706B1D519E3C008880A7 /* UIImage+FX.h */ = {isa = PBXFileReference; fileEncoding = 4; lastKnownFileType = sourcecode.c.h; path = "UIImage+FX.h"; sourceTree = "<group>"; };
		075F706C1D519E3C008880A7 /* UIImage+FX.m */ = {isa = PBXFileReference; fileEncoding = 4; lastKnownFileType = sourcecode.c.objc; path = "UIImage+FX.m"; sourceTree = "<group>"; };
		075F706D1D519E3C008880A7 /* UIImage+Resize.h */ = {isa = PBXFileReference; fileEncoding = 4; lastKnownFileType = sourcecode.c.h; path = "UIImage+Resize.h"; sourceTree = "<group>"; };
		075F706E1D519E3C008880A7 /* UIImage+Resize.m */ = {isa = PBXFileReference; fileEncoding = 4; lastKnownFileType = sourcecode.c.objc; path = "UIImage+Resize.m"; sourceTree = "<group>"; };
		075F706F1D519E3C008880A7 /* UIImage+RoundedCorner.h */ = {isa = PBXFileReference; fileEncoding = 4; lastKnownFileType = sourcecode.c.h; path = "UIImage+RoundedCorner.h"; sourceTree = "<group>"; };
		075F70701D519E3C008880A7 /* UIImage+RoundedCorner.m */ = {isa = PBXFileReference; fileEncoding = 4; lastKnownFileType = sourcecode.c.objc; path = "UIImage+RoundedCorner.m"; sourceTree = "<group>"; };
		075F70711D519E3C008880A7 /* UIImage+Tint.h */ = {isa = PBXFileReference; fileEncoding = 4; lastKnownFileType = sourcecode.c.h; path = "UIImage+Tint.h"; sourceTree = "<group>"; };
		075F70721D519E3C008880A7 /* UIImage+Tint.m */ = {isa = PBXFileReference; fileEncoding = 4; lastKnownFileType = sourcecode.c.objc; path = "UIImage+Tint.m"; sourceTree = "<group>"; };
		075F70741D519E3C008880A7 /* UIImageView+Addition.h */ = {isa = PBXFileReference; fileEncoding = 4; lastKnownFileType = sourcecode.c.h; path = "UIImageView+Addition.h"; sourceTree = "<group>"; };
		075F70751D519E3C008880A7 /* UIImageView+Addition.m */ = {isa = PBXFileReference; fileEncoding = 4; lastKnownFileType = sourcecode.c.objc; path = "UIImageView+Addition.m"; sourceTree = "<group>"; };
		075F70761D519E3C008880A7 /* UIImageView+BetterFace.h */ = {isa = PBXFileReference; fileEncoding = 4; lastKnownFileType = sourcecode.c.h; path = "UIImageView+BetterFace.h"; sourceTree = "<group>"; };
		075F70771D519E3C008880A7 /* UIImageView+BetterFace.m */ = {isa = PBXFileReference; fileEncoding = 4; lastKnownFileType = sourcecode.c.objc; path = "UIImageView+BetterFace.m"; sourceTree = "<group>"; };
		075F70781D519E3C008880A7 /* UIImageView+FaceAwareFill.h */ = {isa = PBXFileReference; fileEncoding = 4; lastKnownFileType = sourcecode.c.h; path = "UIImageView+FaceAwareFill.h"; sourceTree = "<group>"; };
		075F70791D519E3C008880A7 /* UIImageView+FaceAwareFill.m */ = {isa = PBXFileReference; fileEncoding = 4; lastKnownFileType = sourcecode.c.objc; path = "UIImageView+FaceAwareFill.m"; sourceTree = "<group>"; };
		075F707A1D519E3C008880A7 /* UIImageView+Letters.h */ = {isa = PBXFileReference; fileEncoding = 4; lastKnownFileType = sourcecode.c.h; path = "UIImageView+Letters.h"; sourceTree = "<group>"; };
		075F707B1D519E3C008880A7 /* UIImageView+Letters.m */ = {isa = PBXFileReference; fileEncoding = 4; lastKnownFileType = sourcecode.c.objc; path = "UIImageView+Letters.m"; sourceTree = "<group>"; };
		075F707C1D519E3C008880A7 /* UIImageView+Reflect.h */ = {isa = PBXFileReference; fileEncoding = 4; lastKnownFileType = sourcecode.c.h; path = "UIImageView+Reflect.h"; sourceTree = "<group>"; };
		075F707D1D519E3C008880A7 /* UIImageView+Reflect.m */ = {isa = PBXFileReference; fileEncoding = 4; lastKnownFileType = sourcecode.c.objc; path = "UIImageView+Reflect.m"; sourceTree = "<group>"; };
		075F707F1D519E3C008880A7 /* UINavigationController+BATransitions.h */ = {isa = PBXFileReference; fileEncoding = 4; lastKnownFileType = sourcecode.c.h; path = "UINavigationController+BATransitions.h"; sourceTree = "<group>"; };
		075F70801D519E3C008880A7 /* UINavigationController+BATransitions.m */ = {isa = PBXFileReference; fileEncoding = 4; lastKnownFileType = sourcecode.c.objc; path = "UINavigationController+BATransitions.m"; sourceTree = "<group>"; };
		075F70811D519E3C008880A7 /* UINavigationController+FDFullscreenPopGesture.h */ = {isa = PBXFileReference; fileEncoding = 4; lastKnownFileType = sourcecode.c.h; path = "UINavigationController+FDFullscreenPopGesture.h"; sourceTree = "<group>"; };
		075F70821D519E3C008880A7 /* UINavigationController+FDFullscreenPopGesture.m */ = {isa = PBXFileReference; fileEncoding = 4; lastKnownFileType = sourcecode.c.objc; path = "UINavigationController+FDFullscreenPopGesture.m"; sourceTree = "<group>"; };
		075F70831D519E3C008880A7 /* UINavigationController+JZExtension.h */ = {isa = PBXFileReference; fileEncoding = 4; lastKnownFileType = sourcecode.c.h; path = "UINavigationController+JZExtension.h"; sourceTree = "<group>"; };
		075F70841D519E3C008880A7 /* UINavigationController+JZExtension.m */ = {isa = PBXFileReference; fileEncoding = 4; lastKnownFileType = sourcecode.c.objc; path = "UINavigationController+JZExtension.m"; sourceTree = "<group>"; };
		075F70861D519E3C008880A7 /* UINavigationItem+Loading.h */ = {isa = PBXFileReference; fileEncoding = 4; lastKnownFileType = sourcecode.c.h; path = "UINavigationItem+Loading.h"; sourceTree = "<group>"; };
		075F70871D519E3C008880A7 /* UINavigationItem+Loading.m */ = {isa = PBXFileReference; fileEncoding = 4; lastKnownFileType = sourcecode.c.objc; path = "UINavigationItem+Loading.m"; sourceTree = "<group>"; };
		075F70881D519E3C008880A7 /* UINavigationItem+Lock.h */ = {isa = PBXFileReference; fileEncoding = 4; lastKnownFileType = sourcecode.c.h; path = "UINavigationItem+Lock.h"; sourceTree = "<group>"; };
		075F70891D519E3C008880A7 /* UINavigationItem+Lock.m */ = {isa = PBXFileReference; fileEncoding = 4; lastKnownFileType = sourcecode.c.objc; path = "UINavigationItem+Lock.m"; sourceTree = "<group>"; };
		075F708A1D519E3C008880A7 /* UINavigationItem+Margin.h */ = {isa = PBXFileReference; fileEncoding = 4; lastKnownFileType = sourcecode.c.h; path = "UINavigationItem+Margin.h"; sourceTree = "<group>"; };
		075F708B1D519E3C008880A7 /* UINavigationItem+Margin.m */ = {isa = PBXFileReference; fileEncoding = 4; lastKnownFileType = sourcecode.c.objc; path = "UINavigationItem+Margin.m"; sourceTree = "<group>"; };
		075F70901D519E3C008880A7 /* UITableViewCell+Config.h */ = {isa = PBXFileReference; fileEncoding = 4; lastKnownFileType = sourcecode.c.h; path = "UITableViewCell+Config.h"; sourceTree = "<group>"; };
		075F70911D519E3C008880A7 /* UITableViewCell+Config.m */ = {isa = PBXFileReference; fileEncoding = 4; lastKnownFileType = sourcecode.c.objc; path = "UITableViewCell+Config.m"; sourceTree = "<group>"; };
		075F70931D519E3C008880A7 /* UIView+Animation.h */ = {isa = PBXFileReference; fileEncoding = 4; lastKnownFileType = sourcecode.c.h; path = "UIView+Animation.h"; sourceTree = "<group>"; };
		075F70941D519E3C008880A7 /* UIView+Animation.m */ = {isa = PBXFileReference; fileEncoding = 4; lastKnownFileType = sourcecode.c.objc; path = "UIView+Animation.m"; sourceTree = "<group>"; };
		075F70971D519E3C008880A7 /* UIView+Borders.h */ = {isa = PBXFileReference; fileEncoding = 4; lastKnownFileType = sourcecode.c.h; path = "UIView+Borders.h"; sourceTree = "<group>"; };
		075F70981D519E3C008880A7 /* UIView+Borders.m */ = {isa = PBXFileReference; fileEncoding = 4; lastKnownFileType = sourcecode.c.objc; path = "UIView+Borders.m"; sourceTree = "<group>"; };
		075F70991D519E3C008880A7 /* UIView+draggable.h */ = {isa = PBXFileReference; fileEncoding = 4; lastKnownFileType = sourcecode.c.h; path = "UIView+draggable.h"; sourceTree = "<group>"; };
		075F709A1D519E3C008880A7 /* UIView+draggable.m */ = {isa = PBXFileReference; fileEncoding = 4; lastKnownFileType = sourcecode.c.objc; path = "UIView+draggable.m"; sourceTree = "<group>"; };
		075F709B1D519E3C008880A7 /* UIView+GestureCallback.h */ = {isa = PBXFileReference; fileEncoding = 4; lastKnownFileType = sourcecode.c.h; path = "UIView+GestureCallback.h"; sourceTree = "<group>"; };
		075F709C1D519E3C008880A7 /* UIView+GestureCallback.m */ = {isa = PBXFileReference; fileEncoding = 4; lastKnownFileType = sourcecode.c.objc; path = "UIView+GestureCallback.m"; sourceTree = "<group>"; };
		075F709D1D519E3C008880A7 /* UIView+Screenshot.h */ = {isa = PBXFileReference; fileEncoding = 4; lastKnownFileType = sourcecode.c.h; path = "UIView+Screenshot.h"; sourceTree = "<group>"; };
		075F709E1D519E3C008880A7 /* UIView+Screenshot.m */ = {isa = PBXFileReference; fileEncoding = 4; lastKnownFileType = sourcecode.c.objc; path = "UIView+Screenshot.m"; sourceTree = "<group>"; };
		075F709F1D519E3C008880A7 /* UIView+Shadow.h */ = {isa = PBXFileReference; fileEncoding = 4; lastKnownFileType = sourcecode.c.h; path = "UIView+Shadow.h"; sourceTree = "<group>"; };
		075F70A01D519E3C008880A7 /* UIView+Shadow.m */ = {isa = PBXFileReference; fileEncoding = 4; lastKnownFileType = sourcecode.c.objc; path = "UIView+Shadow.m"; sourceTree = "<group>"; };
		075F70A11D519E3C008880A7 /* UIView+Shake.h */ = {isa = PBXFileReference; fileEncoding = 4; lastKnownFileType = sourcecode.c.h; path = "UIView+Shake.h"; sourceTree = "<group>"; };
		075F70A21D519E3C008880A7 /* UIView+Shake.m */ = {isa = PBXFileReference; fileEncoding = 4; lastKnownFileType = sourcecode.c.objc; path = "UIView+Shake.m"; sourceTree = "<group>"; };
		075F70A31D519E3C008880A7 /* UIView+ViewController.h */ = {isa = PBXFileReference; fileEncoding = 4; lastKnownFileType = sourcecode.c.h; path = "UIView+ViewController.h"; sourceTree = "<group>"; };
		075F70A41D519E3C008880A7 /* UIView+ViewController.m */ = {isa = PBXFileReference; fileEncoding = 4; lastKnownFileType = sourcecode.c.objc; path = "UIView+ViewController.m"; sourceTree = "<group>"; };
		075F70A51D519E3C008880A7 /* UIView+Visuals.h */ = {isa = PBXFileReference; fileEncoding = 4; lastKnownFileType = sourcecode.c.h; path = "UIView+Visuals.h"; sourceTree = "<group>"; };
		075F70A61D519E3C008880A7 /* UIView+Visuals.m */ = {isa = PBXFileReference; fileEncoding = 4; lastKnownFileType = sourcecode.c.objc; path = "UIView+Visuals.m"; sourceTree = "<group>"; };
		075F70A81D519E3C008880A7 /* UIViewController+BackButtonHandler.h */ = {isa = PBXFileReference; fileEncoding = 4; lastKnownFileType = sourcecode.c.h; path = "UIViewController+BackButtonHandler.h"; sourceTree = "<group>"; };
		075F70A91D519E3C008880A7 /* UIViewController+BackButtonHandler.m */ = {isa = PBXFileReference; fileEncoding = 4; lastKnownFileType = sourcecode.c.objc; path = "UIViewController+BackButtonHandler.m"; sourceTree = "<group>"; };
		075F70AA1D519E3C008880A7 /* UIViewController+BackButtonItemTitle.h */ = {isa = PBXFileReference; fileEncoding = 4; lastKnownFileType = sourcecode.c.h; path = "UIViewController+BackButtonItemTitle.h"; sourceTree = "<group>"; };
		075F70AB1D519E3C008880A7 /* UIViewController+BackButtonItemTitle.m */ = {isa = PBXFileReference; fileEncoding = 4; lastKnownFileType = sourcecode.c.objc; path = "UIViewController+BackButtonItemTitle.m"; sourceTree = "<group>"; };
		075F70AC1D519E3C008880A7 /* UIViewController+MJPopupViewController.h */ = {isa = PBXFileReference; fileEncoding = 4; lastKnownFileType = sourcecode.c.h; path = "UIViewController+MJPopupViewController.h"; sourceTree = "<group>"; };
		075F70AD1D519E3C008880A7 /* UIViewController+MJPopupViewController.m */ = {isa = PBXFileReference; fileEncoding = 4; lastKnownFileType = sourcecode.c.objc; path = "UIViewController+MJPopupViewController.m"; sourceTree = "<group>"; };
		075F70AF1D519E3C008880A7 /* NSMutableString+TagReplace.h */ = {isa = PBXFileReference; fileEncoding = 4; lastKnownFileType = sourcecode.c.h; path = "NSMutableString+TagReplace.h"; sourceTree = "<group>"; };
		075F70B01D519E3C008880A7 /* NSMutableString+TagReplace.m */ = {isa = PBXFileReference; fileEncoding = 4; lastKnownFileType = sourcecode.c.objc; path = "NSMutableString+TagReplace.m"; sourceTree = "<group>"; };
		075F70B11D519E3C008880A7 /* NSString+WPAttributedMarkup.h */ = {isa = PBXFileReference; fileEncoding = 4; lastKnownFileType = sourcecode.c.h; path = "NSString+WPAttributedMarkup.h"; sourceTree = "<group>"; };
		075F70B21D519E3C008880A7 /* NSString+WPAttributedMarkup.m */ = {isa = PBXFileReference; fileEncoding = 4; lastKnownFileType = sourcecode.c.objc; path = "NSString+WPAttributedMarkup.m"; sourceTree = "<group>"; };
		075F70F61D51C15C008880A7 /* CSForgetViewController.h */ = {isa = PBXFileReference; fileEncoding = 4; lastKnownFileType = sourcecode.c.h; path = CSForgetViewController.h; sourceTree = "<group>"; };
		075F70F71D51C15C008880A7 /* CSForgetViewController.m */ = {isa = PBXFileReference; fileEncoding = 4; lastKnownFileType = sourcecode.c.objc; path = CSForgetViewController.m; sourceTree = "<group>"; };
		075F70F91D51C3C5008880A7 /* CSRegisterViewController.h */ = {isa = PBXFileReference; fileEncoding = 4; lastKnownFileType = sourcecode.c.h; path = CSRegisterViewController.h; sourceTree = "<group>"; };
		075F70FA1D51C3C5008880A7 /* CSRegisterViewController.m */ = {isa = PBXFileReference; fileEncoding = 4; lastKnownFileType = sourcecode.c.objc; path = CSRegisterViewController.m; sourceTree = "<group>"; };
		075F70FD1D51EA3F008880A7 /* LxDBAnything.h */ = {isa = PBXFileReference; fileEncoding = 4; lastKnownFileType = sourcecode.c.h; path = LxDBAnything.h; sourceTree = "<group>"; };
		075F70FE1D51EA3F008880A7 /* QFCodeShareInit.h */ = {isa = PBXFileReference; fileEncoding = 4; lastKnownFileType = sourcecode.c.h; path = QFCodeShareInit.h; sourceTree = "<group>"; };
		075F70FF1D51EA3F008880A7 /* QFCodeShareInit.m */ = {isa = PBXFileReference; fileEncoding = 4; lastKnownFileType = sourcecode.c.objc; path = QFCodeShareInit.m; sourceTree = "<group>"; };
		075F71001D51EA3F008880A7 /* QFCommonSetting.h */ = {isa = PBXFileReference; fileEncoding = 4; lastKnownFileType = sourcecode.c.h; path = QFCommonSetting.h; sourceTree = "<group>"; };
		075F71021D51EAC9008880A7 /* PrefixHeader.pch */ = {isa = PBXFileReference; lastKnownFileType = sourcecode.c.h; path = PrefixHeader.pch; sourceTree = "<group>"; };
		07A753E91D5C0DF600BAFC05 /* CSQRCodeViewController.h */ = {isa = PBXFileReference; fileEncoding = 4; lastKnownFileType = sourcecode.c.h; path = CSQRCodeViewController.h; sourceTree = "<group>"; };
		07A753EA1D5C0DF600BAFC05 /* CSQRCodeViewController.mm */ = {isa = PBXFileReference; fileEncoding = 4; lastKnownFileType = sourcecode.cpp.objcpp; path = CSQRCodeViewController.mm; sourceTree = "<group>"; };
		07A753EC1D5C553400BAFC05 /* CSScanViewController.h */ = {isa = PBXFileReference; fileEncoding = 4; lastKnownFileType = sourcecode.c.h; path = CSScanViewController.h; sourceTree = "<group>"; };
		07A753ED1D5C553400BAFC05 /* CSScanViewController.m */ = {isa = PBXFileReference; fileEncoding = 4; lastKnownFileType = sourcecode.c.objc; path = CSScanViewController.m; sourceTree = "<group>"; };
		07AC39631D5826CE001E6589 /* CSAboutViewController.h */ = {isa = PBXFileReference; fileEncoding = 4; lastKnownFileType = sourcecode.c.h; path = CSAboutViewController.h; sourceTree = "<group>"; };
		07AC39641D5826CE001E6589 /* CSAboutViewController.m */ = {isa = PBXFileReference; fileEncoding = 4; lastKnownFileType = sourcecode.c.objc; path = CSAboutViewController.m; sourceTree = "<group>"; };
		07AC39661D586D46001E6589 /* CSSuggestionViewController.h */ = {isa = PBXFileReference; fileEncoding = 4; lastKnownFileType = sourcecode.c.h; path = CSSuggestionViewController.h; sourceTree = "<group>"; };
		07AC39671D586D46001E6589 /* CSSuggestionViewController.m */ = {isa = PBXFileReference; fileEncoding = 4; lastKnownFileType = sourcecode.c.objc; path = CSSuggestionViewController.m; sourceTree = "<group>"; };
		07AC39681D586D46001E6589 /* CSSuggestionViewController.xib */ = {isa = PBXFileReference; fileEncoding = 4; lastKnownFileType = file.xib; path = CSSuggestionViewController.xib; sourceTree = "<group>"; };
		07AC396B1D5881A0001E6589 /* CSImageViewController.h */ = {isa = PBXFileReference; fileEncoding = 4; lastKnownFileType = sourcecode.c.h; path = CSImageViewController.h; sourceTree = "<group>"; };
		07AC396C1D5881A0001E6589 /* CSImageViewController.m */ = {isa = PBXFileReference; fileEncoding = 4; lastKnownFileType = sourcecode.c.objc; path = CSImageViewController.m; sourceTree = "<group>"; };
		07D3FD6D1D50831E001EF799 /* CodeShare.app */ = {isa = PBXFileReference; explicitFileType = wrapper.application; includeInIndex = 0; path = CodeShare.app; sourceTree = BUILT_PRODUCTS_DIR; };
		07D3FD711D50831F001EF799 /* main.m */ = {isa = PBXFileReference; lastKnownFileType = sourcecode.c.objc; path = main.m; sourceTree = "<group>"; };
		07D3FD731D50831F001EF799 /* AppDelegate.h */ = {isa = PBXFileReference; lastKnownFileType = sourcecode.c.h; path = AppDelegate.h; sourceTree = "<group>"; };
		07D3FD741D50831F001EF799 /* AppDelegate.m */ = {isa = PBXFileReference; lastKnownFileType = sourcecode.c.objc; path = AppDelegate.m; sourceTree = "<group>"; };
		07D3FD761D50831F001EF799 /* ViewController.h */ = {isa = PBXFileReference; lastKnownFileType = sourcecode.c.h; path = ViewController.h; sourceTree = "<group>"; };
		07D3FD771D50831F001EF799 /* ViewController.m */ = {isa = PBXFileReference; lastKnownFileType = sourcecode.c.objc; path = ViewController.m; sourceTree = "<group>"; };
		07D3FD7A1D50831F001EF799 /* Base */ = {isa = PBXFileReference; lastKnownFileType = file.storyboard; name = Base; path = Base.lproj/Main.storyboard; sourceTree = "<group>"; };
		07D3FD7C1D50831F001EF799 /* Assets.xcassets */ = {isa = PBXFileReference; lastKnownFileType = folder.assetcatalog; path = Assets.xcassets; sourceTree = "<group>"; };
		07D3FD7F1D50831F001EF799 /* Base */ = {isa = PBXFileReference; lastKnownFileType = file.storyboard; name = Base; path = Base.lproj/LaunchScreen.storyboard; sourceTree = "<group>"; };
		07D3FD811D50831F001EF799 /* Info.plist */ = {isa = PBXFileReference; lastKnownFileType = text.plist.xml; path = Info.plist; sourceTree = "<group>"; };
		07EC45EF1D50953500DD4BC2 /* NetworkTool.h */ = {isa = PBXFileReference; fileEncoding = 4; lastKnownFileType = sourcecode.c.h; path = NetworkTool.h; sourceTree = "<group>"; };
		07EC45F01D50953500DD4BC2 /* NetworkTool.m */ = {isa = PBXFileReference; fileEncoding = 4; lastKnownFileType = sourcecode.c.objc; path = NetworkTool.m; sourceTree = "<group>"; };
		5EAE381DFE24DDC94853C313 /* libPods-CodeShare.a */ = {isa = PBXFileReference; explicitFileType = archive.ar; includeInIndex = 0; path = "libPods-CodeShare.a"; sourceTree = BUILT_PRODUCTS_DIR; };
		A02A282754BDA524195185F3 /* Pods-CodeShare.release.xcconfig */ = {isa = PBXFileReference; includeInIndex = 1; lastKnownFileType = text.xcconfig; name = "Pods-CodeShare.release.xcconfig"; path = "Pods/Target Support Files/Pods-CodeShare/Pods-CodeShare.release.xcconfig"; sourceTree = "<group>"; };
		FE669DB3818AF5C0C2174EFB /* Pods-CodeShare.debug.xcconfig */ = {isa = PBXFileReference; includeInIndex = 1; lastKnownFileType = text.xcconfig; name = "Pods-CodeShare.debug.xcconfig"; path = "Pods/Target Support Files/Pods-CodeShare/Pods-CodeShare.debug.xcconfig"; sourceTree = "<group>"; };
/* End PBXFileReference section */

/* Begin PBXFrameworksBuildPhase section */
		07D3FD6A1D50831E001EF799 /* Frameworks */ = {
			isa = PBXFrameworksBuildPhase;
			buildActionMask = 2147483647;
			files = (
				92FC434F9694A4EE052B416C /* libPods-CodeShare.a in Frameworks */,
			);
			runOnlyForDeploymentPostprocessing = 0;
		};
/* End PBXFrameworksBuildPhase section */

/* Begin PBXGroup section */
		071096641D51870C00DE6919 /* Model */ = {
			isa = PBXGroup;
			children = (
				071096651D51873B00DE6919 /* CSUserModel.h */,
				071096661D51873B00DE6919 /* CSUserModel.m */,
			);
			path = Model;
			sourceTree = "<group>";
		};
		0750C6FC1D5966FE009B2748 /* Views */ = {
			isa = PBXGroup;
			children = (
				0750C7001D596739009B2748 /* CSTriangleView.h */,
				0750C7011D596739009B2748 /* CSTriangleView.m */,
				0750C7031D597ADC009B2748 /* CSDrawableView.h */,
				0750C7041D597ADC009B2748 /* CSDrawableView.m */,
				0750C7091D59B350009B2748 /* CSCircleView.h */,
				0750C70A1D59B350009B2748 /* CSCircleView.m */,
				0750C70C1D59BC0D009B2748 /* CSClockView.h */,
				0750C70D1D59BC0D009B2748 /* CSClockView.m */,
			);
			path = Views;
			sourceTree = "<group>";
		};
		075F701A1D519E3B008880A7 /* Addition */ = {
			isa = PBXGroup;
			children = (
				075F701B1D519E3B008880A7 /* NSDate */,
				075F70241D519E3B008880A7 /* NSDictionary */,
				075F702D1D519E3B008880A7 /* NSObject */,
				075F703A1D519E3B008880A7 /* NSString */,
				075F70471D519E3C008880A7 /* NSTimer */,
				075F704C1D519E3C008880A7 /* UIAlertView */,
				075F704F1D519E3C008880A7 /* UIApplication */,
				075F70541D519E3C008880A7 /* UIButton */,
				075F705B1D519E3C008880A7 /* UIControl */,
				075F705E1D519E3C008880A7 /* UIImage */,
				075F70731D519E3C008880A7 /* UIImageView */,
				075F707E1D519E3C008880A7 /* UINavigationController */,
				075F70851D519E3C008880A7 /* UINavigationItem */,
				075F708F1D519E3C008880A7 /* UITableViewCell */,
				075F70921D519E3C008880A7 /* UIView */,
				075F70A71D519E3C008880A7 /* UIViewController */,
				075F70AE1D519E3C008880A7 /* WPAttributedMarkup */,
			);
			path = Addition;
			sourceTree = "<group>";
		};
		075F701B1D519E3B008880A7 /* NSDate */ = {
			isa = PBXGroup;
			children = (
				075F701C1D519E3B008880A7 /* NSDate+Formatter.h */,
				075F701D1D519E3B008880A7 /* NSDate+Formatter.m */,
				075F701E1D519E3B008880A7 /* NSDate+Helper.h */,
				075F701F1D519E3B008880A7 /* NSDate+Helper.m */,
				075F70201D519E3B008880A7 /* NSDate+Reporting.h */,
				075F70211D519E3B008880A7 /* NSDate+Reporting.m */,
				075F70221D519E3B008880A7 /* NSDate+Utilities.h */,
				075F70231D519E3B008880A7 /* NSDate+Utilities.m */,
			);
			path = NSDate;
			sourceTree = "<group>";
		};
		075F70241D519E3B008880A7 /* NSDictionary */ = {
			isa = PBXGroup;
			children = (
				075F70251D519E3B008880A7 /* NSDictionary+JSONString.h */,
				075F70261D519E3B008880A7 /* NSDictionary+JSONString.m */,
				075F70271D519E3B008880A7 /* NSDictionary+Merge.h */,
				075F70281D519E3B008880A7 /* NSDictionary+Merge.m */,
				075F70291D519E3B008880A7 /* NSDictionary+SafeAccess.h */,
				075F702A1D519E3B008880A7 /* NSDictionary+SafeAccess.m */,
				075F702B1D519E3B008880A7 /* NSDictionary+URL.h */,
				075F702C1D519E3B008880A7 /* NSDictionary+URL.m */,
			);
			path = NSDictionary;
			sourceTree = "<group>";
		};
		075F702D1D519E3B008880A7 /* NSObject */ = {
			isa = PBXGroup;
			children = (
				075F702E1D519E3B008880A7 /* NSObject+AppInfo.h */,
				075F702F1D519E3B008880A7 /* NSObject+AppInfo.m */,
				075F70301D519E3B008880A7 /* NSObject+AutoCoding.h */,
				075F70311D519E3B008880A7 /* NSObject+AutoCoding.m */,
				075F70321D519E3B008880A7 /* NSObject+GCD.h */,
				075F70331D519E3B008880A7 /* NSObject+GCD.m */,
				075F70341D519E3B008880A7 /* NSObject+KVOBlocks.h */,
				075F70351D519E3B008880A7 /* NSObject+KVOBlocks.m */,
				075F70361D519E3B008880A7 /* NSObject+Property.h */,
				075F70371D519E3B008880A7 /* NSObject+Property.m */,
				075F70381D519E3B008880A7 /* NSObject+Runtime.h */,
				075F70391D519E3B008880A7 /* NSObject+Runtime.m */,
			);
			path = NSObject;
			sourceTree = "<group>";
		};
		075F703A1D519E3B008880A7 /* NSString */ = {
			isa = PBXGroup;
			children = (
				075F703B1D519E3B008880A7 /* NSString+JsonValue.h */,
				075F703C1D519E3B008880A7 /* NSString+JsonValue.m */,
				075F703D1D519E3B008880A7 /* NSString+MD5.h */,
				075F703E1D519E3B008880A7 /* NSString+MD5.m */,
				075F703F1D519E3B008880A7 /* NSString+RegexCategory.h */,
				075F70401D519E3B008880A7 /* NSString+RegexCategory.m */,
				075F70411D519E3B008880A7 /* NSString+Size.h */,
				075F70421D519E3B008880A7 /* NSString+Size.m */,
				075F70431D519E3C008880A7 /* NSString+Trims.h */,
				075F70441D519E3C008880A7 /* NSString+Trims.m */,
				075F70451D519E3C008880A7 /* NSString+UrlEncode.h */,
				075F70461D519E3C008880A7 /* NSString+UrlEncode.m */,
			);
			path = NSString;
			sourceTree = "<group>";
		};
		075F70471D519E3C008880A7 /* NSTimer */ = {
			isa = PBXGroup;
			children = (
				075F70481D519E3C008880A7 /* NSTimer+Addition.h */,
				075F70491D519E3C008880A7 /* NSTimer+Addition.m */,
				075F704A1D519E3C008880A7 /* NSTimer+Blocks.h */,
				075F704B1D519E3C008880A7 /* NSTimer+Blocks.m */,
			);
			path = NSTimer;
			sourceTree = "<group>";
		};
		075F704C1D519E3C008880A7 /* UIAlertView */ = {
			isa = PBXGroup;
			children = (
				075F704D1D519E3C008880A7 /* UIAlertView+Block.h */,
				075F704E1D519E3C008880A7 /* UIAlertView+Block.m */,
			);
			path = UIAlertView;
			sourceTree = "<group>";
		};
		075F704F1D519E3C008880A7 /* UIApplication */ = {
			isa = PBXGroup;
			children = (
				075F70501D519E3C008880A7 /* UIApplication+ApplicationSize.h */,
				075F70511D519E3C008880A7 /* UIApplication+ApplicationSize.m */,
				075F70521D519E3C008880A7 /* UIApplication+Permissions.h */,
				075F70531D519E3C008880A7 /* UIApplication+Permissions.m */,
			);
			path = UIApplication;
			sourceTree = "<group>";
		};
		075F70541D519E3C008880A7 /* UIButton */ = {
			isa = PBXGroup;
			children = (
				075F70551D519E3C008880A7 /* UIButton+BackgroundColor.h */,
				075F70561D519E3C008880A7 /* UIButton+BackgroundColor.m */,
				075F70571D519E3C008880A7 /* UIButton+Submitting.h */,
				075F70581D519E3C008880A7 /* UIButton+Submitting.m */,
				075F70591D519E3C008880A7 /* UIButton+TouchAreaInsets.h */,
				075F705A1D519E3C008880A7 /* UIButton+TouchAreaInsets.m */,
			);
			path = UIButton;
			sourceTree = "<group>";
		};
		075F705B1D519E3C008880A7 /* UIControl */ = {
			isa = PBXGroup;
			children = (
				075F705C1D519E3C008880A7 /* UIControl+ActionBlocks.h */,
				075F705D1D519E3C008880A7 /* UIControl+ActionBlocks.m */,
			);
			path = UIControl;
			sourceTree = "<group>";
		};
		075F705E1D519E3C008880A7 /* UIImage */ = {
			isa = PBXGroup;
			children = (
				075F705F1D519E3C008880A7 /* UIImage+Alpha.h */,
				075F70601D519E3C008880A7 /* UIImage+Alpha.m */,
				075F70611D519E3C008880A7 /* UIImage+Blur.h */,
				075F70621D519E3C008880A7 /* UIImage+Blur.m */,
				075F70631D519E3C008880A7 /* UIImage+CalculatedSize.h */,
				075F70641D519E3C008880A7 /* UIImage+CalculatedSize.m */,
				075F70651D519E3C008880A7 /* UIImage+Capture.h */,
				075F70661D519E3C008880A7 /* UIImage+Capture.m */,
				075F70671D519E3C008880A7 /* UIImage+Color.h */,
				075F70681D519E3C008880A7 /* UIImage+Color.m */,
				075F70691D519E3C008880A7 /* UIImage+FileName.h */,
				075F706A1D519E3C008880A7 /* UIImage+FileName.m */,
				075F706B1D519E3C008880A7 /* UIImage+FX.h */,
				075F706C1D519E3C008880A7 /* UIImage+FX.m */,
				075F706D1D519E3C008880A7 /* UIImage+Resize.h */,
				075F706E1D519E3C008880A7 /* UIImage+Resize.m */,
				075F706F1D519E3C008880A7 /* UIImage+RoundedCorner.h */,
				075F70701D519E3C008880A7 /* UIImage+RoundedCorner.m */,
				075F70711D519E3C008880A7 /* UIImage+Tint.h */,
				075F70721D519E3C008880A7 /* UIImage+Tint.m */,
			);
			path = UIImage;
			sourceTree = "<group>";
		};
		075F70731D519E3C008880A7 /* UIImageView */ = {
			isa = PBXGroup;
			children = (
				075F70741D519E3C008880A7 /* UIImageView+Addition.h */,
				075F70751D519E3C008880A7 /* UIImageView+Addition.m */,
				075F70761D519E3C008880A7 /* UIImageView+BetterFace.h */,
				075F70771D519E3C008880A7 /* UIImageView+BetterFace.m */,
				075F70781D519E3C008880A7 /* UIImageView+FaceAwareFill.h */,
				075F70791D519E3C008880A7 /* UIImageView+FaceAwareFill.m */,
				075F707A1D519E3C008880A7 /* UIImageView+Letters.h */,
				075F707B1D519E3C008880A7 /* UIImageView+Letters.m */,
				075F707C1D519E3C008880A7 /* UIImageView+Reflect.h */,
				075F707D1D519E3C008880A7 /* UIImageView+Reflect.m */,
			);
			path = UIImageView;
			sourceTree = "<group>";
		};
		075F707E1D519E3C008880A7 /* UINavigationController */ = {
			isa = PBXGroup;
			children = (
				075F707F1D519E3C008880A7 /* UINavigationController+BATransitions.h */,
				075F70801D519E3C008880A7 /* UINavigationController+BATransitions.m */,
				075F70811D519E3C008880A7 /* UINavigationController+FDFullscreenPopGesture.h */,
				075F70821D519E3C008880A7 /* UINavigationController+FDFullscreenPopGesture.m */,
				075F70831D519E3C008880A7 /* UINavigationController+JZExtension.h */,
				075F70841D519E3C008880A7 /* UINavigationController+JZExtension.m */,
			);
			path = UINavigationController;
			sourceTree = "<group>";
		};
		075F70851D519E3C008880A7 /* UINavigationItem */ = {
			isa = PBXGroup;
			children = (
				075F70861D519E3C008880A7 /* UINavigationItem+Loading.h */,
				075F70871D519E3C008880A7 /* UINavigationItem+Loading.m */,
				075F70881D519E3C008880A7 /* UINavigationItem+Lock.h */,
				075F70891D519E3C008880A7 /* UINavigationItem+Lock.m */,
				075F708A1D519E3C008880A7 /* UINavigationItem+Margin.h */,
				075F708B1D519E3C008880A7 /* UINavigationItem+Margin.m */,
			);
			path = UINavigationItem;
			sourceTree = "<group>";
		};
		075F708F1D519E3C008880A7 /* UITableViewCell */ = {
			isa = PBXGroup;
			children = (
				075F70901D519E3C008880A7 /* UITableViewCell+Config.h */,
				075F70911D519E3C008880A7 /* UITableViewCell+Config.m */,
			);
			path = UITableViewCell;
			sourceTree = "<group>";
		};
		075F70921D519E3C008880A7 /* UIView */ = {
			isa = PBXGroup;
			children = (
				075F70931D519E3C008880A7 /* UIView+Animation.h */,
				075F70941D519E3C008880A7 /* UIView+Animation.m */,
				075F70971D519E3C008880A7 /* UIView+Borders.h */,
				075F70981D519E3C008880A7 /* UIView+Borders.m */,
				075F70991D519E3C008880A7 /* UIView+draggable.h */,
				075F709A1D519E3C008880A7 /* UIView+draggable.m */,
				075F709B1D519E3C008880A7 /* UIView+GestureCallback.h */,
				075F709C1D519E3C008880A7 /* UIView+GestureCallback.m */,
				075F709D1D519E3C008880A7 /* UIView+Screenshot.h */,
				075F709E1D519E3C008880A7 /* UIView+Screenshot.m */,
				075F709F1D519E3C008880A7 /* UIView+Shadow.h */,
				075F70A01D519E3C008880A7 /* UIView+Shadow.m */,
				075F70A11D519E3C008880A7 /* UIView+Shake.h */,
				075F70A21D519E3C008880A7 /* UIView+Shake.m */,
				075F70A31D519E3C008880A7 /* UIView+ViewController.h */,
				075F70A41D519E3C008880A7 /* UIView+ViewController.m */,
				075F70A51D519E3C008880A7 /* UIView+Visuals.h */,
				075F70A61D519E3C008880A7 /* UIView+Visuals.m */,
			);
			path = UIView;
			sourceTree = "<group>";
		};
		075F70A71D519E3C008880A7 /* UIViewController */ = {
			isa = PBXGroup;
			children = (
				075F70A81D519E3C008880A7 /* UIViewController+BackButtonHandler.h */,
				075F70A91D519E3C008880A7 /* UIViewController+BackButtonHandler.m */,
				075F70AA1D519E3C008880A7 /* UIViewController+BackButtonItemTitle.h */,
				075F70AB1D519E3C008880A7 /* UIViewController+BackButtonItemTitle.m */,
				075F70AC1D519E3C008880A7 /* UIViewController+MJPopupViewController.h */,
				075F70AD1D519E3C008880A7 /* UIViewController+MJPopupViewController.m */,
			);
			path = UIViewController;
			sourceTree = "<group>";
		};
		075F70AE1D519E3C008880A7 /* WPAttributedMarkup */ = {
			isa = PBXGroup;
			children = (
				075F70AF1D519E3C008880A7 /* NSMutableString+TagReplace.h */,
				075F70B01D519E3C008880A7 /* NSMutableString+TagReplace.m */,
				075F70B11D519E3C008880A7 /* NSString+WPAttributedMarkup.h */,
				075F70B21D519E3C008880A7 /* NSString+WPAttributedMarkup.m */,
			);
			path = WPAttributedMarkup;
			sourceTree = "<group>";
		};
		075F70FC1D51EA3F008880A7 /* CommonSetting */ = {
			isa = PBXGroup;
			children = (
				075F70FD1D51EA3F008880A7 /* LxDBAnything.h */,
				075F70FE1D51EA3F008880A7 /* QFCodeShareInit.h */,
				075F70FF1D51EA3F008880A7 /* QFCodeShareInit.m */,
				075F71001D51EA3F008880A7 /* QFCommonSetting.h */,
			);
			path = CommonSetting;
			sourceTree = "<group>";
		};
		07D3FD641D50831E001EF799 = {
			isa = PBXGroup;
			children = (
				07D3FD6F1D50831E001EF799 /* CodeShare */,
				07D3FD6E1D50831E001EF799 /* Products */,
				408F4AE491C18810A2C8ADE2 /* Pods */,
				7C1A1F85442AC1EED069654A /* Frameworks */,
			);
			sourceTree = "<group>";
		};
		07D3FD6E1D50831E001EF799 /* Products */ = {
			isa = PBXGroup;
			children = (
				07D3FD6D1D50831E001EF799 /* CodeShare.app */,
			);
			name = Products;
			sourceTree = "<group>";
		};
		07D3FD6F1D50831E001EF799 /* CodeShare */ = {
			isa = PBXGroup;
			children = (
				0750C6FC1D5966FE009B2748 /* Views */,
				075F70FC1D51EA3F008880A7 /* CommonSetting */,
				075F701A1D519E3B008880A7 /* Addition */,
				071096641D51870C00DE6919 /* Model */,
				07EC45EE1D50865600DD4BC2 /* ViewControllers */,
				07EC45EC1D50863500DD4BC2 /* Additions */,
				07EC45ED1D50863500DD4BC2 /* Tools */,
				07D3FD731D50831F001EF799 /* AppDelegate.h */,
				07D3FD741D50831F001EF799 /* AppDelegate.m */,
				07D3FD761D50831F001EF799 /* ViewController.h */,
				07D3FD771D50831F001EF799 /* ViewController.m */,
				07D3FD791D50831F001EF799 /* Main.storyboard */,
				07D3FD7C1D50831F001EF799 /* Assets.xcassets */,
				07D3FD7E1D50831F001EF799 /* LaunchScreen.storyboard */,
				07D3FD811D50831F001EF799 /* Info.plist */,
				07D3FD701D50831E001EF799 /* Supporting Files */,
				075F71021D51EAC9008880A7 /* PrefixHeader.pch */,
			);
			path = CodeShare;
			sourceTree = "<group>";
		};
		07D3FD701D50831E001EF799 /* Supporting Files */ = {
			isa = PBXGroup;
			children = (
				07D3FD711D50831F001EF799 /* main.m */,
			);
			name = "Supporting Files";
			sourceTree = "<group>";
		};
		07EC45EC1D50863500DD4BC2 /* Additions */ = {
			isa = PBXGroup;
			children = (
			);
			path = Additions;
			sourceTree = "<group>";
		};
		07EC45ED1D50863500DD4BC2 /* Tools */ = {
			isa = PBXGroup;
			children = (
				07EC45EF1D50953500DD4BC2 /* NetworkTool.h */,
				07EC45F01D50953500DD4BC2 /* NetworkTool.m */,
			);
			path = Tools;
			sourceTree = "<group>";
		};
		07EC45EE1D50865600DD4BC2 /* ViewControllers */ = {
			isa = PBXGroup;
			children = (
				070EEB5B1D517F9D0022833E /* CSViewController.h */,
				070EEB5C1D517F9D0022833E /* CSViewController.m */,
				071096611D51860400DE6919 /* MainViewController.h */,
				071096621D51860400DE6919 /* MainViewController.m */,
				071096681D51889C00DE6919 /* CSLoginViewController.h */,
				071096691D51889C00DE6919 /* CSLoginViewController.m */,
				075F70F61D51C15C008880A7 /* CSForgetViewController.h */,
				075F70F71D51C15C008880A7 /* CSForgetViewController.m */,
				075F70F91D51C3C5008880A7 /* CSRegisterViewController.h */,
				075F70FA1D51C3C5008880A7 /* CSRegisterViewController.m */,
				07024DBC1D54316000B12E8C /* CSMyViewController.h */,
				07024DBD1D54316000B12E8C /* CSMyViewController.m */,
				07024DBF1D546A6300B12E8C /* CSSettingViewController.h */,
				07024DC01D546A6300B12E8C /* CSSettingViewController.m */,
				07024DC21D5473D300B12E8C /* CSInfoViewController.h */,
				07024DC31D5473D300B12E8C /* CSInfoViewController.m */,
				07024DC51D54910E00B12E8C /* CSEditNameViewController.h */,
				07024DC61D54910E00B12E8C /* CSEditNameViewController.m */,
				07AC39631D5826CE001E6589 /* CSAboutViewController.h */,
				07AC39641D5826CE001E6589 /* CSAboutViewController.m */,
				07AC39661D586D46001E6589 /* CSSuggestionViewController.h */,
				07AC39671D586D46001E6589 /* CSSuggestionViewController.m */,
				07AC39681D586D46001E6589 /* CSSuggestionViewController.xib */,
				07AC396B1D5881A0001E6589 /* CSImageViewController.h */,
				07AC396C1D5881A0001E6589 /* CSImageViewController.m */,
				0750C6F91D596617009B2748 /* CSTriangleViewController.h */,
				0750C6FA1D596617009B2748 /* CSTriangleViewController.m */,
				0750C7061D59B2A2009B2748 /* CSLayerPathViewController.h */,
				0750C7071D59B2A2009B2748 /* CSLayerPathViewController.m */,
				07A753E91D5C0DF600BAFC05 /* CSQRCodeViewController.h */,
				07A753EA1D5C0DF600BAFC05 /* CSQRCodeViewController.mm */,
				07A753EC1D5C553400BAFC05 /* CSScanViewController.h */,
				07A753ED1D5C553400BAFC05 /* CSScanViewController.m */,
			);
			path = ViewControllers;
			sourceTree = "<group>";
		};
		408F4AE491C18810A2C8ADE2 /* Pods */ = {
			isa = PBXGroup;
			children = (
				FE669DB3818AF5C0C2174EFB /* Pods-CodeShare.debug.xcconfig */,
				A02A282754BDA524195185F3 /* Pods-CodeShare.release.xcconfig */,
			);
			name = Pods;
			sourceTree = "<group>";
		};
		7C1A1F85442AC1EED069654A /* Frameworks */ = {
			isa = PBXGroup;
			children = (
				5EAE381DFE24DDC94853C313 /* libPods-CodeShare.a */,
			);
			name = Frameworks;
			sourceTree = "<group>";
		};
/* End PBXGroup section */

/* Begin PBXNativeTarget section */
		07D3FD6C1D50831E001EF799 /* CodeShare */ = {
			isa = PBXNativeTarget;
			buildConfigurationList = 07D3FD841D50831F001EF799 /* Build configuration list for PBXNativeTarget "CodeShare" */;
			buildPhases = (
				B79A9CC12F42AF53C3563645 /* [CP] Check Pods Manifest.lock */,
				07D3FD691D50831E001EF799 /* Sources */,
				07D3FD6A1D50831E001EF799 /* Frameworks */,
				07D3FD6B1D50831E001EF799 /* Resources */,
				8AF07D9FDD35D363C9DDC32B /* [CP] Embed Pods Frameworks */,
				A19D1FDAE954F25D16DE2078 /* [CP] Copy Pods Resources */,
			);
			buildRules = (
			);
			dependencies = (
			);
			name = CodeShare;
			productName = CodeShare;
			productReference = 07D3FD6D1D50831E001EF799 /* CodeShare.app */;
			productType = "com.apple.product-type.application";
		};
/* End PBXNativeTarget section */

/* Begin PBXProject section */
		07D3FD651D50831E001EF799 /* Project object */ = {
			isa = PBXProject;
			attributes = {
				LastUpgradeCheck = 0730;
				ORGANIZATIONNAME = ddz;
				TargetAttributes = {
					07D3FD6C1D50831E001EF799 = {
						CreatedOnToolsVersion = 7.3.1;
					};
				};
			};
			buildConfigurationList = 07D3FD681D50831E001EF799 /* Build configuration list for PBXProject "CodeShare" */;
			compatibilityVersion = "Xcode 3.2";
			developmentRegion = English;
			hasScannedForEncodings = 0;
			knownRegions = (
				en,
				Base,
			);
			mainGroup = 07D3FD641D50831E001EF799;
			productRefGroup = 07D3FD6E1D50831E001EF799 /* Products */;
			projectDirPath = "";
			projectRoot = "";
			targets = (
				07D3FD6C1D50831E001EF799 /* CodeShare */,
			);
		};
/* End PBXProject section */

/* Begin PBXResourcesBuildPhase section */
		07D3FD6B1D50831E001EF799 /* Resources */ = {
			isa = PBXResourcesBuildPhase;
			buildActionMask = 2147483647;
			files = (
				07AC396A1D586D46001E6589 /* CSSuggestionViewController.xib in Resources */,
				07D3FD801D50831F001EF799 /* LaunchScreen.storyboard in Resources */,
				07D3FD7D1D50831F001EF799 /* Assets.xcassets in Resources */,
				07D3FD7B1D50831F001EF799 /* Main.storyboard in Resources */,
			);
			runOnlyForDeploymentPostprocessing = 0;
		};
/* End PBXResourcesBuildPhase section */

/* Begin PBXShellScriptBuildPhase section */
		8AF07D9FDD35D363C9DDC32B /* [CP] Embed Pods Frameworks */ = {
			isa = PBXShellScriptBuildPhase;
			buildActionMask = 2147483647;
			files = (
			);
			inputPaths = (
			);
			name = "[CP] Embed Pods Frameworks";
			outputPaths = (
			);
			runOnlyForDeploymentPostprocessing = 0;
			shellPath = /bin/sh;
			shellScript = "\"${SRCROOT}/Pods/Target Support Files/Pods-CodeShare/Pods-CodeShare-frameworks.sh\"\n";
			showEnvVarsInLog = 0;
		};
		A19D1FDAE954F25D16DE2078 /* [CP] Copy Pods Resources */ = {
			isa = PBXShellScriptBuildPhase;
			buildActionMask = 2147483647;
			files = (
			);
			inputPaths = (
			);
			name = "[CP] Copy Pods Resources";
			outputPaths = (
			);
			runOnlyForDeploymentPostprocessing = 0;
			shellPath = /bin/sh;
			shellScript = "\"${SRCROOT}/Pods/Target Support Files/Pods-CodeShare/Pods-CodeShare-resources.sh\"\n";
			showEnvVarsInLog = 0;
		};
		B79A9CC12F42AF53C3563645 /* [CP] Check Pods Manifest.lock */ = {
			isa = PBXShellScriptBuildPhase;
			buildActionMask = 2147483647;
			files = (
			);
			inputPaths = (
			);
			name = "[CP] Check Pods Manifest.lock";
			outputPaths = (
			);
			runOnlyForDeploymentPostprocessing = 0;
			shellPath = /bin/sh;
			shellScript = "diff \"${PODS_ROOT}/../Podfile.lock\" \"${PODS_ROOT}/Manifest.lock\" > /dev/null\nif [ $? != 0 ] ; then\n    # print error to STDERR\n    echo \"error: The sandbox is not in sync with the Podfile.lock. Run 'pod install' or update your CocoaPods installation.\" >&2\n    exit 1\nfi\n";
			showEnvVarsInLog = 0;
		};
/* End PBXShellScriptBuildPhase section */

/* Begin PBXSourcesBuildPhase section */
		07D3FD691D50831E001EF799 /* Sources */ = {
			isa = PBXSourcesBuildPhase;
			buildActionMask = 2147483647;
			files = (
				075F70DE1D519E3C008880A7 /* UIImageView+Reflect.m in Sources */,
				0710966A1D51889C00DE6919 /* CSLoginViewController.m in Sources */,
				075F70C91D519E3C008880A7 /* UIAlertView+Block.m in Sources */,
				075F70B81D519E3C008880A7 /* NSDictionary+Merge.m in Sources */,
				075F70D11D519E3C008880A7 /* UIImage+Blur.m in Sources */,
				075F70BA1D519E3C008880A7 /* NSDictionary+URL.m in Sources */,
				070EEB5D1D517F9D0022833E /* CSViewController.m in Sources */,
				075F70F81D51C15C008880A7 /* CSForgetViewController.m in Sources */,
				0750C6FB1D596617009B2748 /* CSTriangleViewController.m in Sources */,
				075F70F31D519E3C008880A7 /* UIViewController+MJPopupViewController.m in Sources */,
				075F70B91D519E3C008880A7 /* NSDictionary+SafeAccess.m in Sources */,
				075F70D91D519E3C008880A7 /* UIImage+Tint.m in Sources */,
				075F70CA1D519E3C008880A7 /* UIApplication+ApplicationSize.m in Sources */,
				075F70C51D519E3C008880A7 /* NSString+Trims.m in Sources */,
				075F71011D51EA3F008880A7 /* QFCodeShareInit.m in Sources */,
				075F70D41D519E3C008880A7 /* UIImage+Color.m in Sources */,
				071096671D51873B00DE6919 /* CSUserModel.m in Sources */,
				075F70D51D519E3C008880A7 /* UIImage+FileName.m in Sources */,
				075F70DD1D519E3C008880A7 /* UIImageView+Letters.m in Sources */,
				0750C7081D59B2A2009B2748 /* CSLayerPathViewController.m in Sources */,
				075F70C61D519E3C008880A7 /* NSString+UrlEncode.m in Sources */,
				075F70F11D519E3C008880A7 /* UIViewController+BackButtonHandler.m in Sources */,
				075F70D61D519E3C008880A7 /* UIImage+FX.m in Sources */,
				075F70D71D519E3C008880A7 /* UIImage+Resize.m in Sources */,
				075F70B51D519E3C008880A7 /* NSDate+Reporting.m in Sources */,
				075F70BD1D519E3C008880A7 /* NSObject+GCD.m in Sources */,
				075F70CB1D519E3C008880A7 /* UIApplication+Permissions.m in Sources */,
				075F70B71D519E3C008880A7 /* NSDictionary+JSONString.m in Sources */,
				075F70DA1D519E3C008880A7 /* UIImageView+Addition.m in Sources */,
				071096631D51860400DE6919 /* MainViewController.m in Sources */,
				075F70EE1D519E3C008880A7 /* UIView+Shake.m in Sources */,
				07024DBE1D54316000B12E8C /* CSMyViewController.m in Sources */,
				075F70E41D519E3C008880A7 /* UINavigationItem+Margin.m in Sources */,
				075F70CC1D519E3C008880A7 /* UIButton+BackgroundColor.m in Sources */,
				07AC39651D5826CE001E6589 /* CSAboutViewController.m in Sources */,
				075F70E71D519E3C008880A7 /* UIView+Animation.m in Sources */,
				075F70CE1D519E3C008880A7 /* UIButton+TouchAreaInsets.m in Sources */,
				075F70BB1D519E3C008880A7 /* NSObject+AppInfo.m in Sources */,
				075F70DC1D519E3C008880A7 /* UIImageView+FaceAwareFill.m in Sources */,
				075F70D01D519E3C008880A7 /* UIImage+Alpha.m in Sources */,
				07EC45F11D50953500DD4BC2 /* NetworkTool.m in Sources */,
				075F70E01D519E3C008880A7 /* UINavigationController+FDFullscreenPopGesture.m in Sources */,
				07AC39691D586D46001E6589 /* CSSuggestionViewController.m in Sources */,
				075F70BE1D519E3C008880A7 /* NSObject+KVOBlocks.m in Sources */,
				075F70CF1D519E3C008880A7 /* UIControl+ActionBlocks.m in Sources */,
				075F70D31D519E3C008880A7 /* UIImage+Capture.m in Sources */,
				0750C7021D596739009B2748 /* CSTriangleView.m in Sources */,
				075F70EB1D519E3C008880A7 /* UIView+GestureCallback.m in Sources */,
				075F70D81D519E3C008880A7 /* UIImage+RoundedCorner.m in Sources */,
				075F70C71D519E3C008880A7 /* NSTimer+Addition.m in Sources */,
				075F70EF1D519E3C008880A7 /* UIView+ViewController.m in Sources */,
				07D3FD781D50831F001EF799 /* ViewController.m in Sources */,
				0750C70E1D59BC0D009B2748 /* CSClockView.m in Sources */,
				075F70C41D519E3C008880A7 /* NSString+Size.m in Sources */,
				075F70ED1D519E3C008880A7 /* UIView+Shadow.m in Sources */,
				075F70FB1D51C3C5008880A7 /* CSRegisterViewController.m in Sources */,
				0750C7051D597ADC009B2748 /* CSDrawableView.m in Sources */,
				075F70EA1D519E3C008880A7 /* UIView+draggable.m in Sources */,
				075F70C81D519E3C008880A7 /* NSTimer+Blocks.m in Sources */,
				075F70E61D519E3C008880A7 /* UITableViewCell+Config.m in Sources */,
				075F70DB1D519E3C008880A7 /* UIImageView+BetterFace.m in Sources */,
				075F70C01D519E3C008880A7 /* NSObject+Runtime.m in Sources */,
				075F70DF1D519E3C008880A7 /* UINavigationController+BATransitions.m in Sources */,
				075F70F51D519E3C008880A7 /* NSString+WPAttributedMarkup.m in Sources */,
				075F70E91D519E3C008880A7 /* UIView+Borders.m in Sources */,
				075F70D21D519E3C008880A7 /* UIImage+CalculatedSize.m in Sources */,
				075F70E21D519E3C008880A7 /* UINavigationItem+Loading.m in Sources */,
				07A753EE1D5C553400BAFC05 /* CSScanViewController.m in Sources */,
				075F70B61D519E3C008880A7 /* NSDate+Utilities.m in Sources */,
				075F70CD1D519E3C008880A7 /* UIButton+Submitting.m in Sources */,
				0750C70B1D59B350009B2748 /* CSCircleView.m in Sources */,
				075F70B41D519E3C008880A7 /* NSDate+Helper.m in Sources */,
				075F70F41D519E3C008880A7 /* NSMutableString+TagReplace.m in Sources */,
				075F70C11D519E3C008880A7 /* NSString+JsonValue.m in Sources */,
				07024DC71D54910E00B12E8C /* CSEditNameViewController.m in Sources */,
				075F70C21D519E3C008880A7 /* NSString+MD5.m in Sources */,
				075F70C31D519E3C008880A7 /* NSString+RegexCategory.m in Sources */,
				07AC396D1D5881A0001E6589 /* CSImageViewController.m in Sources */,
				075F70BF1D519E3C008880A7 /* NSObject+Property.m in Sources */,
				075F70E31D519E3C008880A7 /* UINavigationItem+Lock.m in Sources */,
				07024DC11D546A6300B12E8C /* CSSettingViewController.m in Sources */,
				07024DC41D5473D300B12E8C /* CSInfoViewController.m in Sources */,
				075F70BC1D519E3C008880A7 /* NSObject+AutoCoding.m in Sources */,
				075F70F01D519E3C008880A7 /* UIView+Visuals.m in Sources */,
				07D3FD751D50831F001EF799 /* AppDelegate.m in Sources */,
				07D3FD721D50831F001EF799 /* main.m in Sources */,
				075F70B31D519E3C008880A7 /* NSDate+Formatter.m in Sources */,
				07A753EB1D5C0DF600BAFC05 /* CSQRCodeViewController.mm in Sources */,
				075F70EC1D519E3C008880A7 /* UIView+Screenshot.m in Sources */,
				075F70E11D519E3C008880A7 /* UINavigationController+JZExtension.m in Sources */,
				075F70F21D519E3C008880A7 /* UIViewController+BackButtonItemTitle.m in Sources */,
			);
			runOnlyForDeploymentPostprocessing = 0;
		};
/* End PBXSourcesBuildPhase section */

/* Begin PBXVariantGroup section */
		07D3FD791D50831F001EF799 /* Main.storyboard */ = {
			isa = PBXVariantGroup;
			children = (
				07D3FD7A1D50831F001EF799 /* Base */,
			);
			name = Main.storyboard;
			sourceTree = "<group>";
		};
		07D3FD7E1D50831F001EF799 /* LaunchScreen.storyboard */ = {
			isa = PBXVariantGroup;
			children = (
				07D3FD7F1D50831F001EF799 /* Base */,
			);
			name = LaunchScreen.storyboard;
			sourceTree = "<group>";
		};
/* End PBXVariantGroup section */

/* Begin XCBuildConfiguration section */
		07D3FD821D50831F001EF799 /* Debug */ = {
			isa = XCBuildConfiguration;
			buildSettings = {
				ALWAYS_SEARCH_USER_PATHS = NO;
				CLANG_ANALYZER_NONNULL = YES;
				CLANG_CXX_LANGUAGE_STANDARD = "gnu++0x";
				CLANG_CXX_LIBRARY = "libc++";
				CLANG_ENABLE_MODULES = YES;
				CLANG_ENABLE_OBJC_ARC = YES;
				CLANG_WARN_BOOL_CONVERSION = YES;
				CLANG_WARN_CONSTANT_CONVERSION = YES;
				CLANG_WARN_DIRECT_OBJC_ISA_USAGE = YES_ERROR;
				CLANG_WARN_EMPTY_BODY = YES;
				CLANG_WARN_ENUM_CONVERSION = YES;
				CLANG_WARN_INT_CONVERSION = YES;
				CLANG_WARN_OBJC_ROOT_CLASS = YES_ERROR;
				CLANG_WARN_UNREACHABLE_CODE = YES;
				CLANG_WARN__DUPLICATE_METHOD_MATCH = YES;
				"CODE_SIGN_IDENTITY[sdk=iphoneos*]" = "iPhone Developer";
				COPY_PHASE_STRIP = NO;
				DEBUG_INFORMATION_FORMAT = dwarf;
				ENABLE_STRICT_OBJC_MSGSEND = YES;
				ENABLE_TESTABILITY = YES;
				GCC_C_LANGUAGE_STANDARD = gnu99;
				GCC_DYNAMIC_NO_PIC = NO;
				GCC_NO_COMMON_BLOCKS = YES;
				GCC_OPTIMIZATION_LEVEL = 0;
				GCC_PREPROCESSOR_DEFINITIONS = (
					"DEBUG=1",
					"$(inherited)",
				);
				GCC_WARN_64_TO_32_BIT_CONVERSION = YES;
				GCC_WARN_ABOUT_RETURN_TYPE = YES_ERROR;
				GCC_WARN_UNDECLARED_SELECTOR = YES;
				GCC_WARN_UNINITIALIZED_AUTOS = YES_AGGRESSIVE;
				GCC_WARN_UNUSED_FUNCTION = YES;
				GCC_WARN_UNUSED_VARIABLE = YES;
				IPHONEOS_DEPLOYMENT_TARGET = 9.3;
				MTL_ENABLE_DEBUG_INFO = YES;
				ONLY_ACTIVE_ARCH = YES;
				SDKROOT = iphoneos;
				TARGETED_DEVICE_FAMILY = "1,2";
			};
			name = Debug;
		};
		07D3FD831D50831F001EF799 /* Release */ = {
			isa = XCBuildConfiguration;
			buildSettings = {
				ALWAYS_SEARCH_USER_PATHS = NO;
				CLANG_ANALYZER_NONNULL = YES;
				CLANG_CXX_LANGUAGE_STANDARD = "gnu++0x";
				CLANG_CXX_LIBRARY = "libc++";
				CLANG_ENABLE_MODULES = YES;
				CLANG_ENABLE_OBJC_ARC = YES;
				CLANG_WARN_BOOL_CONVERSION = YES;
				CLANG_WARN_CONSTANT_CONVERSION = YES;
				CLANG_WARN_DIRECT_OBJC_ISA_USAGE = YES_ERROR;
				CLANG_WARN_EMPTY_BODY = YES;
				CLANG_WARN_ENUM_CONVERSION = YES;
				CLANG_WARN_INT_CONVERSION = YES;
				CLANG_WARN_OBJC_ROOT_CLASS = YES_ERROR;
				CLANG_WARN_UNREACHABLE_CODE = YES;
				CLANG_WARN__DUPLICATE_METHOD_MATCH = YES;
				"CODE_SIGN_IDENTITY[sdk=iphoneos*]" = "iPhone Developer";
				COPY_PHASE_STRIP = NO;
				DEBUG_INFORMATION_FORMAT = "dwarf-with-dsym";
				ENABLE_NS_ASSERTIONS = NO;
				ENABLE_STRICT_OBJC_MSGSEND = YES;
				GCC_C_LANGUAGE_STANDARD = gnu99;
				GCC_NO_COMMON_BLOCKS = YES;
				GCC_WARN_64_TO_32_BIT_CONVERSION = YES;
				GCC_WARN_ABOUT_RETURN_TYPE = YES_ERROR;
				GCC_WARN_UNDECLARED_SELECTOR = YES;
				GCC_WARN_UNINITIALIZED_AUTOS = YES_AGGRESSIVE;
				GCC_WARN_UNUSED_FUNCTION = YES;
				GCC_WARN_UNUSED_VARIABLE = YES;
				IPHONEOS_DEPLOYMENT_TARGET = 9.3;
				MTL_ENABLE_DEBUG_INFO = NO;
				SDKROOT = iphoneos;
				TARGETED_DEVICE_FAMILY = "1,2";
				VALIDATE_PRODUCT = YES;
			};
			name = Release;
		};
		07D3FD851D50831F001EF799 /* Debug */ = {
			isa = XCBuildConfiguration;
			baseConfigurationReference = FE669DB3818AF5C0C2174EFB /* Pods-CodeShare.debug.xcconfig */;
			buildSettings = {
				ASSETCATALOG_COMPILER_APPICON_NAME = AppIcon;
				GCC_PREFIX_HEADER = "$(SRCROOT)/CodeShare/PrefixHeader.pch";
				INFOPLIST_FILE = CodeShare/Info.plist;
				IPHONEOS_DEPLOYMENT_TARGET = 8.0;
				LD_RUNPATH_SEARCH_PATHS = "$(inherited) @executable_path/Frameworks";
				PRODUCT_BUNDLE_IDENTIFIER = com.1000phone.CodeShare;
				PRODUCT_NAME = "$(TARGET_NAME)";
				USER_HEADER_SEARCH_PATHS = "$(SRCROOT)";
			};
			name = Debug;
		};
		07D3FD861D50831F001EF799 /* Release */ = {
			isa = XCBuildConfiguration;
			baseConfigurationReference = A02A282754BDA524195185F3 /* Pods-CodeShare.release.xcconfig */;
			buildSettings = {
				ASSETCATALOG_COMPILER_APPICON_NAME = AppIcon;
				GCC_PREFIX_HEADER = "$(SRCROOT)/CodeShare/PrefixHeader.pch";
				INFOPLIST_FILE = CodeShare/Info.plist;
				IPHONEOS_DEPLOYMENT_TARGET = 8.0;
				LD_RUNPATH_SEARCH_PATHS = "$(inherited) @executable_path/Frameworks";
				PRODUCT_BUNDLE_IDENTIFIER = com.1000phone.CodeShare;
				PRODUCT_NAME = "$(TARGET_NAME)";
				USER_HEADER_SEARCH_PATHS = "$(SRCROOT)";
			};
			name = Release;
		};
/* End XCBuildConfiguration section */

/* Begin XCConfigurationList section */
		07D3FD681D50831E001EF799 /* Build configuration list for PBXProject "CodeShare" */ = {
			isa = XCConfigurationList;
			buildConfigurations = (
				07D3FD821D50831F001EF799 /* Debug */,
				07D3FD831D50831F001EF799 /* Release */,
			);
			defaultConfigurationIsVisible = 0;
			defaultConfigurationName = Release;
		};
		07D3FD841D50831F001EF799 /* Build configuration list for PBXNativeTarget "CodeShare" */ = {
			isa = XCConfigurationList;
			buildConfigurations = (
				07D3FD851D50831F001EF799 /* Debug */,
				07D3FD861D50831F001EF799 /* Release */,
			);
			defaultConfigurationIsVisible = 0;
			defaultConfigurationName = Release;
		};
/* End XCConfigurationList section */
	};
	rootObject = 07D3FD651D50831E001EF799 /* Project object */;
}
